// !$*UTF8*$!
{
	archiveVersion = 1;
	classes = {
	};
	objectVersion = 56;
	objects = {

/* Begin PBXBuildFile section */
		084E81F82C58B40E00323377 /* Onboarding.swift in Sources */ = {isa = PBXBuildFile; fileRef = 084E81F72C58B40E00323377 /* Onboarding.swift */; };
		6D9F064E2C5FCAE300E73D81 /* Config.xcconfig in Resources */ = {isa = PBXBuildFile; fileRef = 6D9F064D2C5FCAE300E73D81 /* Config.xcconfig */; };
		6D9F06502C5FCF2100E73D81 /* BookGenreView.swift in Sources */ = {isa = PBXBuildFile; fileRef = 6D9F064F2C5FCF2100E73D81 /* BookGenreView.swift */; };
		6D9F06522C5FCF4100E73D81 /*  BookInfoSection.swift in Sources */ = {isa = PBXBuildFile; fileRef = 6D9F06512C5FCF4100E73D81 /*  BookInfoSection.swift */; };
		6D9F06542C5FCF5D00E73D81 /* HeaderSection.swift in Sources */ = {isa = PBXBuildFile; fileRef = 6D9F06532C5FCF5D00E73D81 /* HeaderSection.swift */; };
		6D9F06562C5FCF8200E73D81 /* ReadStatusBox.swift in Sources */ = {isa = PBXBuildFile; fileRef = 6D9F06552C5FCF8200E73D81 /* ReadStatusBox.swift */; };
		6D9F06582C5FD04100E73D81 /*  ClipColorButton.swift in Sources */ = {isa = PBXBuildFile; fileRef = 6D9F06572C5FD04100E73D81 /*  ClipColorButton.swift */; };
		6D9F065A2C5FD05E00E73D81 /* ClipShapeButton.swift in Sources */ = {isa = PBXBuildFile; fileRef = 6D9F06592C5FD05E00E73D81 /* ClipShapeButton.swift */; };
		6D9F065C2C5FD07B00E73D81 /* ClipTextFields.swift in Sources */ = {isa = PBXBuildFile; fileRef = 6D9F065B2C5FD07B00E73D81 /* ClipTextFields.swift */; };
		6D9F065E2C5FD09A00E73D81 /* TopClipImage.swift in Sources */ = {isa = PBXBuildFile; fileRef = 6D9F065D2C5FD09A00E73D81 /* TopClipImage.swift */; };
		6D9F06602C5FD18900E73D81 /* ClipImage.swift in Sources */ = {isa = PBXBuildFile; fileRef = 6D9F065F2C5FD18900E73D81 /* ClipImage.swift */; };
		6D9F06622C5FD1A500E73D81 /* ClipShapeImage.swift in Sources */ = {isa = PBXBuildFile; fileRef = 6D9F06612C5FD1A500E73D81 /* ClipShapeImage.swift */; };
		6D9F06642C5FD1C000E73D81 /* Colors.swift in Sources */ = {isa = PBXBuildFile; fileRef = 6D9F06632C5FD1C000E73D81 /* Colors.swift */; };
		6D9F06662C5FD1ED00E73D81 /* DoughImage.swift in Sources */ = {isa = PBXBuildFile; fileRef = 6D9F06652C5FD1ED00E73D81 /* DoughImage.swift */; };
		6DE58EBF2C58C190009A9F2F /* AddClip.swift in Sources */ = {isa = PBXBuildFile; fileRef = 6DE58EBE2C58C190009A9F2F /* AddClip.swift */; };
		6DE58EC32C58D833009A9F2F /* EditClip.swift in Sources */ = {isa = PBXBuildFile; fileRef = 6DE58EC22C58D833009A9F2F /* EditClip.swift */; };
		6DE58EC52C590778009A9F2F /* AddBook.swift in Sources */ = {isa = PBXBuildFile; fileRef = 6DE58EC42C590778009A9F2F /* AddBook.swift */; };
		6DE58EC72C59234E009A9F2F /* ClipData.swift in Sources */ = {isa = PBXBuildFile; fileRef = 6DE58EC62C59234E009A9F2F /* ClipData.swift */; };
		6DE58EC92C5A0C4C009A9F2F /* AddDough.swift in Sources */ = {isa = PBXBuildFile; fileRef = 6DE58EC82C5A0C4C009A9F2F /* AddDough.swift */; };
		6DE58ECF2C5B4A97009A9F2F /* AddBookFinal.swift in Sources */ = {isa = PBXBuildFile; fileRef = 6DE58ECE2C5B4A97009A9F2F /* AddBookFinal.swift */; };
		B910CC282C5903A5000FFAA7 /* 부크크명조_얇은글씨.ttf in Resources */ = {isa = PBXBuildFile; fileRef = B910CC272C5903A5000FFAA7 /* 부크크명조_얇은글씨.ttf */; };
		B910CC292C5903A5000FFAA7 /* 부크크명조_얇은글씨.ttf in Resources */ = {isa = PBXBuildFile; fileRef = B910CC272C5903A5000FFAA7 /* 부크크명조_얇은글씨.ttf */; };
		B910CC2A2C5903A5000FFAA7 /* 부크크명조_얇은글씨.ttf in Resources */ = {isa = PBXBuildFile; fileRef = B910CC272C5903A5000FFAA7 /* 부크크명조_얇은글씨.ttf */; };
		B910CC2D2C59047E000FFAA7 /* Font+.swift in Sources */ = {isa = PBXBuildFile; fileRef = B910CC2C2C59047E000FFAA7 /* Font+.swift */; };
		B910CC2E2C59047E000FFAA7 /* Font+.swift in Sources */ = {isa = PBXBuildFile; fileRef = B910CC2C2C59047E000FFAA7 /* Font+.swift */; };
		B910CC2F2C59047E000FFAA7 /* Font+.swift in Sources */ = {isa = PBXBuildFile; fileRef = B910CC2C2C59047E000FFAA7 /* Font+.swift */; };
		B92946252C5A866800C25EDB /* SearchBookSearchBar.swift in Sources */ = {isa = PBXBuildFile; fileRef = B92946242C5A866800C25EDB /* SearchBookSearchBar.swift */; };
		B92946272C5A8A3300C25EDB /* SearchBookListRow.swift in Sources */ = {isa = PBXBuildFile; fileRef = B92946262C5A8A3300C25EDB /* SearchBookListRow.swift */; };
		B92946292C5A8A9400C25EDB /* AsyncImage.swift in Sources */ = {isa = PBXBuildFile; fileRef = B92946282C5A8A9400C25EDB /* AsyncImage.swift */; };
		B977DF112C58AA8200EC0186 /* SearchBook.swift in Sources */ = {isa = PBXBuildFile; fileRef = B977DF102C58AA8200EC0186 /* SearchBook.swift */; };
		B9AE11802C5897270082C1DE /* BOOKBBANGApp.swift in Sources */ = {isa = PBXBuildFile; fileRef = B9AE117F2C5897270082C1DE /* BOOKBBANGApp.swift */; };
		B9AE11842C5897280082C1DE /* Assets.xcassets in Resources */ = {isa = PBXBuildFile; fileRef = B9AE11832C5897280082C1DE /* Assets.xcassets */; };
		B9AE11872C5897280082C1DE /* Preview Assets.xcassets in Resources */ = {isa = PBXBuildFile; fileRef = B9AE11862C5897280082C1DE /* Preview Assets.xcassets */; };
		B9AE118C2C5897280082C1DE /* BOOKBBANG.xcdatamodeld in Sources */ = {isa = PBXBuildFile; fileRef = B9AE118A2C5897280082C1DE /* BOOKBBANG.xcdatamodeld */; };
		B9AE11962C5897280082C1DE /* BOOKBBANGTests.swift in Sources */ = {isa = PBXBuildFile; fileRef = B9AE11952C5897280082C1DE /* BOOKBBANGTests.swift */; };
		B9AE11A02C5897280082C1DE /* BOOKBBANGUITests.swift in Sources */ = {isa = PBXBuildFile; fileRef = B9AE119F2C5897280082C1DE /* BOOKBBANGUITests.swift */; };
		B9AE11A22C5897280082C1DE /* BOOKBBANGUITestsLaunchTests.swift in Sources */ = {isa = PBXBuildFile; fileRef = B9AE11A12C5897280082C1DE /* BOOKBBANGUITestsLaunchTests.swift */; };
		B9C116782C5B6C6100E8C26E /* BookDTO.swift in Sources */ = {isa = PBXBuildFile; fileRef = B9C116772C5B6C6100E8C26E /* BookDTO.swift */; };
		B9C1167A2C5B6C8300E8C26E /* SearchRouter.swift in Sources */ = {isa = PBXBuildFile; fileRef = B9C116792C5B6C8300E8C26E /* SearchRouter.swift */; };
		B9C1167C2C5B6E4600E8C26E /* Config.xcconfig in Resources */ = {isa = PBXBuildFile; fileRef = B9C1167B2C5B6E4600E8C26E /* Config.xcconfig */; };
		B9C1167E2C5B6EDB00E8C26E /* Config.swift in Sources */ = {isa = PBXBuildFile; fileRef = B9C1167D2C5B6EDB00E8C26E /* Config.swift */; };
		B9C116802C5C61BA00E8C26E /* CustomNavigationBar.swift in Sources */ = {isa = PBXBuildFile; fileRef = B9C1167F2C5C61BA00E8C26E /* CustomNavigationBar.swift */; };
		B9F42B982C609F0B0075773A /* DetailClip.swift in Sources */ = {isa = PBXBuildFile; fileRef = B9F42B972C609F0B0075773A /* DetailClip.swift */; };
		B9F6F39B2C58C7D500E7DD4C /* ReadStatus.swift in Sources */ = {isa = PBXBuildFile; fileRef = B9F6F39A2C58C7D500E7DD4C /* ReadStatus.swift */; };
		B9F6F39D2C58C84300E7DD4C /* BookGenre.swift in Sources */ = {isa = PBXBuildFile; fileRef = B9F6F39C2C58C84300E7DD4C /* BookGenre.swift */; };
		B9F6F39F2C58C9AD00E7DD4C /* ClipStyle.swift in Sources */ = {isa = PBXBuildFile; fileRef = B9F6F39E2C58C9AD00E7DD4C /* ClipStyle.swift */; };
		D6DBF7572C5A4E720095CAFF /* WaterfallGrid in Frameworks */ = {isa = PBXBuildFile; productRef = D6DBF7562C5A4E720095CAFF /* WaterfallGrid */; };
		D6DBF7632C5A4E830095CAFF /* BookList.swift in Sources */ = {isa = PBXBuildFile; fileRef = D6DBF7582C5A4E820095CAFF /* BookList.swift */; };
		D6DBF7642C5A4E830095CAFF /* ImagesGrid.swift in Sources */ = {isa = PBXBuildFile; fileRef = D6DBF7592C5A4E820095CAFF /* ImagesGrid.swift */; };
		D6DBF7652C5A4E830095CAFF /* SortingClipPicker.swift in Sources */ = {isa = PBXBuildFile; fileRef = D6DBF75A2C5A4E820095CAFF /* SortingClipPicker.swift */; };
		D6DBF7662C5A4E830095CAFF /* Home.swift in Sources */ = {isa = PBXBuildFile; fileRef = D6DBF75B2C5A4E820095CAFF /* Home.swift */; };
		D6DBF7672C5A4E830095CAFF /* EmptyBox.swift in Sources */ = {isa = PBXBuildFile; fileRef = D6DBF75C2C5A4E820095CAFF /* EmptyBox.swift */; };
		D6DBF7692C5A4E830095CAFF /* PhraseCard.swift in Sources */ = {isa = PBXBuildFile; fileRef = D6DBF75E2C5A4E820095CAFF /* PhraseCard.swift */; };
		D6DBF76A2C5A4E830095CAFF /* ClipList.swift in Sources */ = {isa = PBXBuildFile; fileRef = D6DBF75F2C5A4E820095CAFF /* ClipList.swift */; };
		D6DBF76B2C5A4E830095CAFF /* SettingImageGrid.swift in Sources */ = {isa = PBXBuildFile; fileRef = D6DBF7602C5A4E820095CAFF /* SettingImageGrid.swift */; };
		D6DBF76C2C5A4E830095CAFF /* SortingBookPicker.swift in Sources */ = {isa = PBXBuildFile; fileRef = D6DBF7612C5A4E830095CAFF /* SortingBookPicker.swift */; };
		D6DBF76D2C5A4E830095CAFF /* SegmentedBar.swift in Sources */ = {isa = PBXBuildFile; fileRef = D6DBF7622C5A4E830095CAFF /* SegmentedBar.swift */; };
		D6DBF76F2C5A4E9D0095CAFF /* ImagesContainer.swift in Sources */ = {isa = PBXBuildFile; fileRef = D6DBF76E2C5A4E9D0095CAFF /* ImagesContainer.swift */; };
		D6DBF7732C5A967C0095CAFF /* DetailBook.swift in Sources */ = {isa = PBXBuildFile; fileRef = D6DBF7722C5A967C0095CAFF /* DetailBook.swift */; };
		D6DBF7752C5A97FC0095CAFF /* BookInfo.swift in Sources */ = {isa = PBXBuildFile; fileRef = D6DBF7742C5A97FC0095CAFF /* BookInfo.swift */; };
		D6DBF7772C5B79EC0095CAFF /* Setting.swift in Sources */ = {isa = PBXBuildFile; fileRef = D6DBF7762C5B79EC0095CAFF /* Setting.swift */; };
		D6DBF7792C5B86180095CAFF /* TeamInfo.swift in Sources */ = {isa = PBXBuildFile; fileRef = D6DBF7782C5B86180095CAFF /* TeamInfo.swift */; };
		D6DBF77B2C5B910D0095CAFF /* Manual.swift in Sources */ = {isa = PBXBuildFile; fileRef = D6DBF77A2C5B910D0095CAFF /* Manual.swift */; };
		D6DBF77D2C5C60900095CAFF /* TeamMember.swift in Sources */ = {isa = PBXBuildFile; fileRef = D6DBF77C2C5C60900095CAFF /* TeamMember.swift */; };
		F0E92E9E2C5BC48E00F04BFE /* AddPhraseTextfield.swift in Sources */ = {isa = PBXBuildFile; fileRef = F0E92E9D2C5BC48E00F04BFE /* AddPhraseTextfield.swift */; };
		F0E92EA02C5BC4D800F04BFE /* AddPhraseHeader.swift in Sources */ = {isa = PBXBuildFile; fileRef = F0E92E9F2C5BC4D800F04BFE /* AddPhraseHeader.swift */; };
		F0E92EA32C5BC4F000F04BFE /* AddPhrase.swift in Sources */ = {isa = PBXBuildFile; fileRef = F0E92EA22C5BC4F000F04BFE /* AddPhrase.swift */; };
		F0E92EA62C5BC52700F04BFE /* AddThoughtsTextfield.swift in Sources */ = {isa = PBXBuildFile; fileRef = F0E92EA52C5BC52700F04BFE /* AddThoughtsTextfield.swift */; };
		F0E92EA82C5BC54700F04BFE /* AddThoughsHeader.swift in Sources */ = {isa = PBXBuildFile; fileRef = F0E92EA72C5BC54700F04BFE /* AddThoughsHeader.swift */; };
		F0E92EAA2C5BC66300F04BFE /* AddThoughts.swift in Sources */ = {isa = PBXBuildFile; fileRef = F0E92EA92C5BC66300F04BFE /* AddThoughts.swift */; };
/* End PBXBuildFile section */

/* Begin PBXContainerItemProxy section */
		B9AE11922C5897280082C1DE /* PBXContainerItemProxy */ = {
			isa = PBXContainerItemProxy;
			containerPortal = B9AE11742C5897270082C1DE /* Project object */;
			proxyType = 1;
			remoteGlobalIDString = B9AE117B2C5897270082C1DE;
			remoteInfo = BOOKBBANG;
		};
		B9AE119C2C5897280082C1DE /* PBXContainerItemProxy */ = {
			isa = PBXContainerItemProxy;
			containerPortal = B9AE11742C5897270082C1DE /* Project object */;
			proxyType = 1;
			remoteGlobalIDString = B9AE117B2C5897270082C1DE;
			remoteInfo = BOOKBBANG;
		};
/* End PBXContainerItemProxy section */

/* Begin PBXFileReference section */
		084E81F72C58B40E00323377 /* Onboarding.swift */ = {isa = PBXFileReference; lastKnownFileType = sourcecode.swift; path = Onboarding.swift; sourceTree = "<group>"; };
		6D9F064D2C5FCAE300E73D81 /* Config.xcconfig */ = {isa = PBXFileReference; fileEncoding = 4; lastKnownFileType = text.xcconfig; path = Config.xcconfig; sourceTree = "<group>"; };
		6D9F064F2C5FCF2100E73D81 /* BookGenreView.swift */ = {isa = PBXFileReference; lastKnownFileType = sourcecode.swift; path = BookGenreView.swift; sourceTree = "<group>"; };
		6D9F06512C5FCF4100E73D81 /*  BookInfoSection.swift */ = {isa = PBXFileReference; lastKnownFileType = sourcecode.swift; path = " BookInfoSection.swift"; sourceTree = "<group>"; };
		6D9F06532C5FCF5D00E73D81 /* HeaderSection.swift */ = {isa = PBXFileReference; lastKnownFileType = sourcecode.swift; path = HeaderSection.swift; sourceTree = "<group>"; };
		6D9F06552C5FCF8200E73D81 /* ReadStatusBox.swift */ = {isa = PBXFileReference; lastKnownFileType = sourcecode.swift; path = ReadStatusBox.swift; sourceTree = "<group>"; };
		6D9F06572C5FD04100E73D81 /*  ClipColorButton.swift */ = {isa = PBXFileReference; lastKnownFileType = sourcecode.swift; path = " ClipColorButton.swift"; sourceTree = "<group>"; };
		6D9F06592C5FD05E00E73D81 /* ClipShapeButton.swift */ = {isa = PBXFileReference; lastKnownFileType = sourcecode.swift; path = ClipShapeButton.swift; sourceTree = "<group>"; };
		6D9F065B2C5FD07B00E73D81 /* ClipTextFields.swift */ = {isa = PBXFileReference; lastKnownFileType = sourcecode.swift; path = ClipTextFields.swift; sourceTree = "<group>"; };
		6D9F065D2C5FD09A00E73D81 /* TopClipImage.swift */ = {isa = PBXFileReference; lastKnownFileType = sourcecode.swift; path = TopClipImage.swift; sourceTree = "<group>"; };
		6D9F065F2C5FD18900E73D81 /* ClipImage.swift */ = {isa = PBXFileReference; lastKnownFileType = sourcecode.swift; path = ClipImage.swift; sourceTree = "<group>"; };
		6D9F06612C5FD1A500E73D81 /* ClipShapeImage.swift */ = {isa = PBXFileReference; lastKnownFileType = sourcecode.swift; path = ClipShapeImage.swift; sourceTree = "<group>"; };
		6D9F06632C5FD1C000E73D81 /* Colors.swift */ = {isa = PBXFileReference; lastKnownFileType = sourcecode.swift; path = Colors.swift; sourceTree = "<group>"; };
		6D9F06652C5FD1ED00E73D81 /* DoughImage.swift */ = {isa = PBXFileReference; lastKnownFileType = sourcecode.swift; path = DoughImage.swift; sourceTree = "<group>"; };
		6DE58EBE2C58C190009A9F2F /* AddClip.swift */ = {isa = PBXFileReference; lastKnownFileType = sourcecode.swift; path = AddClip.swift; sourceTree = "<group>"; };
		6DE58EC22C58D833009A9F2F /* EditClip.swift */ = {isa = PBXFileReference; lastKnownFileType = sourcecode.swift; path = EditClip.swift; sourceTree = "<group>"; };
		6DE58EC42C590778009A9F2F /* AddBook.swift */ = {isa = PBXFileReference; lastKnownFileType = sourcecode.swift; path = AddBook.swift; sourceTree = "<group>"; };
		6DE58EC62C59234E009A9F2F /* ClipData.swift */ = {isa = PBXFileReference; lastKnownFileType = sourcecode.swift; path = ClipData.swift; sourceTree = "<group>"; };
		6DE58EC82C5A0C4C009A9F2F /* AddDough.swift */ = {isa = PBXFileReference; lastKnownFileType = sourcecode.swift; path = AddDough.swift; sourceTree = "<group>"; };
		6DE58ECE2C5B4A97009A9F2F /* AddBookFinal.swift */ = {isa = PBXFileReference; lastKnownFileType = sourcecode.swift; path = AddBookFinal.swift; sourceTree = "<group>"; };
		B910CC262C590386000FFAA7 /* Info.plist */ = {isa = PBXFileReference; lastKnownFileType = text.plist.xml; path = Info.plist; sourceTree = "<group>"; };
		B910CC272C5903A5000FFAA7 /* 부크크명조_얇은글씨.ttf */ = {isa = PBXFileReference; lastKnownFileType = file; path = "부크크명조_얇은글씨.ttf"; sourceTree = "<group>"; };
		B910CC2C2C59047E000FFAA7 /* Font+.swift */ = {isa = PBXFileReference; lastKnownFileType = sourcecode.swift; path = "Font+.swift"; sourceTree = "<group>"; };
		B92946242C5A866800C25EDB /* SearchBookSearchBar.swift */ = {isa = PBXFileReference; lastKnownFileType = sourcecode.swift; path = SearchBookSearchBar.swift; sourceTree = "<group>"; };
		B92946262C5A8A3300C25EDB /* SearchBookListRow.swift */ = {isa = PBXFileReference; lastKnownFileType = sourcecode.swift; path = SearchBookListRow.swift; sourceTree = "<group>"; };
		B92946282C5A8A9400C25EDB /* AsyncImage.swift */ = {isa = PBXFileReference; lastKnownFileType = sourcecode.swift; path = AsyncImage.swift; sourceTree = "<group>"; };
		B977DF102C58AA8200EC0186 /* SearchBook.swift */ = {isa = PBXFileReference; lastKnownFileType = sourcecode.swift; path = SearchBook.swift; sourceTree = "<group>"; };
		B9AE117C2C5897270082C1DE /* BOOKBBANG.app */ = {isa = PBXFileReference; explicitFileType = wrapper.application; includeInIndex = 0; path = BOOKBBANG.app; sourceTree = BUILT_PRODUCTS_DIR; };
		B9AE117F2C5897270082C1DE /* BOOKBBANGApp.swift */ = {isa = PBXFileReference; lastKnownFileType = sourcecode.swift; path = BOOKBBANGApp.swift; sourceTree = "<group>"; };
		B9AE11832C5897280082C1DE /* Assets.xcassets */ = {isa = PBXFileReference; lastKnownFileType = folder.assetcatalog; path = Assets.xcassets; sourceTree = "<group>"; };
		B9AE11862C5897280082C1DE /* Preview Assets.xcassets */ = {isa = PBXFileReference; lastKnownFileType = folder.assetcatalog; path = "Preview Assets.xcassets"; sourceTree = "<group>"; };
		B9AE118B2C5897280082C1DE /* BOOKBBANG.xcdatamodel */ = {isa = PBXFileReference; lastKnownFileType = wrapper.xcdatamodel; path = BOOKBBANG.xcdatamodel; sourceTree = "<group>"; };
		B9AE11912C5897280082C1DE /* BOOKBBANGTests.xctest */ = {isa = PBXFileReference; explicitFileType = wrapper.cfbundle; includeInIndex = 0; path = BOOKBBANGTests.xctest; sourceTree = BUILT_PRODUCTS_DIR; };
		B9AE11952C5897280082C1DE /* BOOKBBANGTests.swift */ = {isa = PBXFileReference; lastKnownFileType = sourcecode.swift; path = BOOKBBANGTests.swift; sourceTree = "<group>"; };
		B9AE119B2C5897280082C1DE /* BOOKBBANGUITests.xctest */ = {isa = PBXFileReference; explicitFileType = wrapper.cfbundle; includeInIndex = 0; path = BOOKBBANGUITests.xctest; sourceTree = BUILT_PRODUCTS_DIR; };
		B9AE119F2C5897280082C1DE /* BOOKBBANGUITests.swift */ = {isa = PBXFileReference; lastKnownFileType = sourcecode.swift; path = BOOKBBANGUITests.swift; sourceTree = "<group>"; };
		B9AE11A12C5897280082C1DE /* BOOKBBANGUITestsLaunchTests.swift */ = {isa = PBXFileReference; lastKnownFileType = sourcecode.swift; path = BOOKBBANGUITestsLaunchTests.swift; sourceTree = "<group>"; };
		B9C116772C5B6C6100E8C26E /* BookDTO.swift */ = {isa = PBXFileReference; lastKnownFileType = sourcecode.swift; path = BookDTO.swift; sourceTree = "<group>"; };
		B9C116792C5B6C8300E8C26E /* SearchRouter.swift */ = {isa = PBXFileReference; lastKnownFileType = sourcecode.swift; path = SearchRouter.swift; sourceTree = "<group>"; };
		B9C1167B2C5B6E4600E8C26E /* Config.xcconfig */ = {isa = PBXFileReference; lastKnownFileType = text.xcconfig; path = Config.xcconfig; sourceTree = "<group>"; };
		B9C1167D2C5B6EDB00E8C26E /* Config.swift */ = {isa = PBXFileReference; lastKnownFileType = sourcecode.swift; path = Config.swift; sourceTree = "<group>"; };
		B9C1167F2C5C61BA00E8C26E /* CustomNavigationBar.swift */ = {isa = PBXFileReference; lastKnownFileType = sourcecode.swift; path = CustomNavigationBar.swift; sourceTree = "<group>"; };
		B9F42B972C609F0B0075773A /* DetailClip.swift */ = {isa = PBXFileReference; fileEncoding = 4; lastKnownFileType = sourcecode.swift; path = DetailClip.swift; sourceTree = "<group>"; };
		B9F6F39A2C58C7D500E7DD4C /* ReadStatus.swift */ = {isa = PBXFileReference; lastKnownFileType = sourcecode.swift; path = ReadStatus.swift; sourceTree = "<group>"; };
		B9F6F39C2C58C84300E7DD4C /* BookGenre.swift */ = {isa = PBXFileReference; lastKnownFileType = sourcecode.swift; path = BookGenre.swift; sourceTree = "<group>"; };
		B9F6F39E2C58C9AD00E7DD4C /* ClipStyle.swift */ = {isa = PBXFileReference; lastKnownFileType = sourcecode.swift; path = ClipStyle.swift; sourceTree = "<group>"; };
		B9F6F3A12C58CB1400E7DD4C /* BOOKBBANG.entitlements */ = {isa = PBXFileReference; lastKnownFileType = text.plist.entitlements; path = BOOKBBANG.entitlements; sourceTree = "<group>"; };
		D6DBF7582C5A4E820095CAFF /* BookList.swift */ = {isa = PBXFileReference; fileEncoding = 4; lastKnownFileType = sourcecode.swift; path = BookList.swift; sourceTree = "<group>"; };
		D6DBF7592C5A4E820095CAFF /* ImagesGrid.swift */ = {isa = PBXFileReference; fileEncoding = 4; lastKnownFileType = sourcecode.swift; path = ImagesGrid.swift; sourceTree = "<group>"; };
		D6DBF75A2C5A4E820095CAFF /* SortingClipPicker.swift */ = {isa = PBXFileReference; fileEncoding = 4; lastKnownFileType = sourcecode.swift; path = SortingClipPicker.swift; sourceTree = "<group>"; };
		D6DBF75B2C5A4E820095CAFF /* Home.swift */ = {isa = PBXFileReference; fileEncoding = 4; lastKnownFileType = sourcecode.swift; path = Home.swift; sourceTree = "<group>"; };
		D6DBF75C2C5A4E820095CAFF /* EmptyBox.swift */ = {isa = PBXFileReference; fileEncoding = 4; lastKnownFileType = sourcecode.swift; path = EmptyBox.swift; sourceTree = "<group>"; };
		D6DBF75E2C5A4E820095CAFF /* PhraseCard.swift */ = {isa = PBXFileReference; fileEncoding = 4; lastKnownFileType = sourcecode.swift; path = PhraseCard.swift; sourceTree = "<group>"; };
		D6DBF75F2C5A4E820095CAFF /* ClipList.swift */ = {isa = PBXFileReference; fileEncoding = 4; lastKnownFileType = sourcecode.swift; path = ClipList.swift; sourceTree = "<group>"; };
		D6DBF7602C5A4E820095CAFF /* SettingImageGrid.swift */ = {isa = PBXFileReference; fileEncoding = 4; lastKnownFileType = sourcecode.swift; path = SettingImageGrid.swift; sourceTree = "<group>"; };
		D6DBF7612C5A4E830095CAFF /* SortingBookPicker.swift */ = {isa = PBXFileReference; fileEncoding = 4; lastKnownFileType = sourcecode.swift; path = SortingBookPicker.swift; sourceTree = "<group>"; };
		D6DBF7622C5A4E830095CAFF /* SegmentedBar.swift */ = {isa = PBXFileReference; fileEncoding = 4; lastKnownFileType = sourcecode.swift; path = SegmentedBar.swift; sourceTree = "<group>"; };
		D6DBF76E2C5A4E9D0095CAFF /* ImagesContainer.swift */ = {isa = PBXFileReference; lastKnownFileType = sourcecode.swift; path = ImagesContainer.swift; sourceTree = "<group>"; };
		D6DBF7722C5A967C0095CAFF /* DetailBook.swift */ = {isa = PBXFileReference; lastKnownFileType = sourcecode.swift; path = DetailBook.swift; sourceTree = "<group>"; };
		D6DBF7742C5A97FC0095CAFF /* BookInfo.swift */ = {isa = PBXFileReference; lastKnownFileType = sourcecode.swift; path = BookInfo.swift; sourceTree = "<group>"; };
		D6DBF7762C5B79EC0095CAFF /* Setting.swift */ = {isa = PBXFileReference; lastKnownFileType = sourcecode.swift; path = Setting.swift; sourceTree = "<group>"; };
		D6DBF7782C5B86180095CAFF /* TeamInfo.swift */ = {isa = PBXFileReference; lastKnownFileType = sourcecode.swift; path = TeamInfo.swift; sourceTree = "<group>"; };
		D6DBF77A2C5B910D0095CAFF /* Manual.swift */ = {isa = PBXFileReference; lastKnownFileType = sourcecode.swift; path = Manual.swift; sourceTree = "<group>"; };
		D6DBF77C2C5C60900095CAFF /* TeamMember.swift */ = {isa = PBXFileReference; lastKnownFileType = sourcecode.swift; path = TeamMember.swift; sourceTree = "<group>"; };
		F0E92E9D2C5BC48E00F04BFE /* AddPhraseTextfield.swift */ = {isa = PBXFileReference; lastKnownFileType = sourcecode.swift; path = AddPhraseTextfield.swift; sourceTree = "<group>"; };
		F0E92E9F2C5BC4D800F04BFE /* AddPhraseHeader.swift */ = {isa = PBXFileReference; lastKnownFileType = sourcecode.swift; path = AddPhraseHeader.swift; sourceTree = "<group>"; };
		F0E92EA22C5BC4F000F04BFE /* AddPhrase.swift */ = {isa = PBXFileReference; lastKnownFileType = sourcecode.swift; path = AddPhrase.swift; sourceTree = "<group>"; };
		F0E92EA52C5BC52700F04BFE /* AddThoughtsTextfield.swift */ = {isa = PBXFileReference; lastKnownFileType = sourcecode.swift; path = AddThoughtsTextfield.swift; sourceTree = "<group>"; };
		F0E92EA72C5BC54700F04BFE /* AddThoughsHeader.swift */ = {isa = PBXFileReference; lastKnownFileType = sourcecode.swift; path = AddThoughsHeader.swift; sourceTree = "<group>"; };
		F0E92EA92C5BC66300F04BFE /* AddThoughts.swift */ = {isa = PBXFileReference; lastKnownFileType = sourcecode.swift; path = AddThoughts.swift; sourceTree = "<group>"; };
/* End PBXFileReference section */

/* Begin PBXFrameworksBuildPhase section */
		B9AE11792C5897270082C1DE /* Frameworks */ = {
			isa = PBXFrameworksBuildPhase;
			buildActionMask = 2147483647;
			files = (
				D6DBF7572C5A4E720095CAFF /* WaterfallGrid in Frameworks */,
			);
			runOnlyForDeploymentPostprocessing = 0;
		};
		B9AE118E2C5897280082C1DE /* Frameworks */ = {
			isa = PBXFrameworksBuildPhase;
			buildActionMask = 2147483647;
			files = (
			);
			runOnlyForDeploymentPostprocessing = 0;
		};
		B9AE11982C5897280082C1DE /* Frameworks */ = {
			isa = PBXFrameworksBuildPhase;
			buildActionMask = 2147483647;
			files = (
			);
			runOnlyForDeploymentPostprocessing = 0;
		};
/* End PBXFrameworksBuildPhase section */

/* Begin PBXGroup section */
		B910CC2B2C590475000FFAA7 /* Extensions */ = {
			isa = PBXGroup;
			children = (
				B910CC2C2C59047E000FFAA7 /* Font+.swift */,
			);
			path = Extensions;
			sourceTree = "<group>";
		};
		B977DF0A2C58AA4E00EC0186 /* Models */ = {
			isa = PBXGroup;
			children = (
				B9AE118A2C5897280082C1DE /* BOOKBBANG.xcdatamodeld */,
				B9F6F39A2C58C7D500E7DD4C /* ReadStatus.swift */,
				B9F6F39C2C58C84300E7DD4C /* BookGenre.swift */,
				6D9F065F2C5FD18900E73D81 /* ClipImage.swift */,
				6D9F06612C5FD1A500E73D81 /* ClipShapeImage.swift */,
				6D9F06632C5FD1C000E73D81 /* Colors.swift */,
				6D9F06652C5FD1ED00E73D81 /* DoughImage.swift */,
				B9F6F39E2C58C9AD00E7DD4C /* ClipStyle.swift */,
				D6DBF77C2C5C60900095CAFF /* TeamMember.swift */,
				B9C116772C5B6C6100E8C26E /* BookDTO.swift */,
			);
			path = Models;
			sourceTree = "<group>";
		};
		B977DF0B2C58AA5600EC0186 /* Resources */ = {
			isa = PBXGroup;
			children = (
				B910CC2B2C590475000FFAA7 /* Extensions */,
				B977DF0C2C58AA5F00EC0186 /* Fonts */,
			);
			path = Resources;
			sourceTree = "<group>";
		};
		B977DF0C2C58AA5F00EC0186 /* Fonts */ = {
			isa = PBXGroup;
			children = (
				B910CC272C5903A5000FFAA7 /* 부크크명조_얇은글씨.ttf */,
			);
			path = Fonts;
			sourceTree = "<group>";
		};
		B977DF0D2C58AA6300EC0186 /* Views */ = {
			isa = PBXGroup;
			children = (
				B977DF1F2C58B39D00EC0186 /* Phrase */,
				B977DF1E2C58ACD700EC0186 /* Onboarding */,
				B977DF1D2C58ACD300EC0186 /* Setting */,
				B977DF1B2C58ACC600EC0186 /* Recipt */,
				B977DF152C58AC3E00EC0186 /* Clip */,
				B977DF142C58AC3100EC0186 /* Book */,
				B977DF132C58AC2D00EC0186 /* Home */,
				B977DF0E2C58AA6A00EC0186 /* Helpers */,
			);
			path = Views;
			sourceTree = "<group>";
		};
		B977DF0E2C58AA6A00EC0186 /* Helpers */ = {
			isa = PBXGroup;
			children = (
				B92946282C5A8A9400C25EDB /* AsyncImage.swift */,
				B9C116792C5B6C8300E8C26E /* SearchRouter.swift */,
				B9C1167D2C5B6EDB00E8C26E /* Config.swift */,
				B9C1167F2C5C61BA00E8C26E /* CustomNavigationBar.swift */,
			);
			path = Helpers;
			sourceTree = "<group>";
		};
		B977DF0F2C58AA7300EC0186 /* SearchBook */ = {
			isa = PBXGroup;
			children = (
				B977DF102C58AA8200EC0186 /* SearchBook.swift */,
				B92946242C5A866800C25EDB /* SearchBookSearchBar.swift */,
				B92946262C5A8A3300C25EDB /* SearchBookListRow.swift */,
			);
			path = SearchBook;
			sourceTree = "<group>";
		};
		B977DF122C58AB4400EC0186 /* App */ = {
			isa = PBXGroup;
			children = (
				B9AE117F2C5897270082C1DE /* BOOKBBANGApp.swift */,
			);
			path = App;
			sourceTree = "<group>";
		};
		B977DF132C58AC2D00EC0186 /* Home */ = {
			isa = PBXGroup;
			children = (
				D6DBF7582C5A4E820095CAFF /* BookList.swift */,
				D6DBF75F2C5A4E820095CAFF /* ClipList.swift */,
				D6DBF75C2C5A4E820095CAFF /* EmptyBox.swift */,
				D6DBF75B2C5A4E820095CAFF /* Home.swift */,
				D6DBF7592C5A4E820095CAFF /* ImagesGrid.swift */,
				D6DBF75E2C5A4E820095CAFF /* PhraseCard.swift */,
				D6DBF7622C5A4E830095CAFF /* SegmentedBar.swift */,
				D6DBF7602C5A4E820095CAFF /* SettingImageGrid.swift */,
				D6DBF7612C5A4E830095CAFF /* SortingBookPicker.swift */,
				D6DBF75A2C5A4E820095CAFF /* SortingClipPicker.swift */,
				D6DBF76E2C5A4E9D0095CAFF /* ImagesContainer.swift */,
			);
			path = Home;
			sourceTree = "<group>";
		};
		B977DF142C58AC3100EC0186 /* Book */ = {
			isa = PBXGroup;
			children = (
				B977DF1A2C58ACA800EC0186 /* AddBook */,
				B977DF192C58AC9600EC0186 /* DetailBook */,
				B977DF0F2C58AA7300EC0186 /* SearchBook */,
			);
			path = Book;
			sourceTree = "<group>";
		};
		B977DF152C58AC3E00EC0186 /* Clip */ = {
			isa = PBXGroup;
			children = (
				B977DF182C58AC7800EC0186 /* DetailClip */,
				B977DF172C58AC6E00EC0186 /* EditClip */,
				B977DF162C58AC4300EC0186 /* AddClip */,
				6DE58EC62C59234E009A9F2F /* ClipData.swift */,
			);
			path = Clip;
			sourceTree = "<group>";
		};
		B977DF162C58AC4300EC0186 /* AddClip */ = {
			isa = PBXGroup;
			children = (
				6DE58EBE2C58C190009A9F2F /* AddClip.swift */,
				6D9F06572C5FD04100E73D81 /*  ClipColorButton.swift */,
				6D9F06592C5FD05E00E73D81 /* ClipShapeButton.swift */,
				6D9F065B2C5FD07B00E73D81 /* ClipTextFields.swift */,
				6D9F065D2C5FD09A00E73D81 /* TopClipImage.swift */,
			);
			path = AddClip;
			sourceTree = "<group>";
		};
		B977DF172C58AC6E00EC0186 /* EditClip */ = {
			isa = PBXGroup;
			children = (
				6DE58EC22C58D833009A9F2F /* EditClip.swift */,
			);
			path = EditClip;
			sourceTree = "<group>";
		};
		B977DF182C58AC7800EC0186 /* DetailClip */ = {
			isa = PBXGroup;
			children = (
				B9F42B972C609F0B0075773A /* DetailClip.swift */,
			);
			path = DetailClip;
			sourceTree = "<group>";
		};
		B977DF192C58AC9600EC0186 /* DetailBook */ = {
			isa = PBXGroup;
			children = (
				D6DBF7722C5A967C0095CAFF /* DetailBook.swift */,
				D6DBF7742C5A97FC0095CAFF /* BookInfo.swift */,
			);
			path = DetailBook;
			sourceTree = "<group>";
		};
		B977DF1A2C58ACA800EC0186 /* AddBook */ = {
			isa = PBXGroup;
			children = (
				6DE58EC42C590778009A9F2F /* AddBook.swift */,
				6DE58EC82C5A0C4C009A9F2F /* AddDough.swift */,
				6DE58ECE2C5B4A97009A9F2F /* AddBookFinal.swift */,
				6D9F064F2C5FCF2100E73D81 /* BookGenreView.swift */,
				6D9F06512C5FCF4100E73D81 /*  BookInfoSection.swift */,
				6D9F06532C5FCF5D00E73D81 /* HeaderSection.swift */,
				6D9F06552C5FCF8200E73D81 /* ReadStatusBox.swift */,
			);
			path = AddBook;
			sourceTree = "<group>";
		};
		B977DF1B2C58ACC600EC0186 /* Recipt */ = {
			isa = PBXGroup;
			children = (
			);
			path = Recipt;
			sourceTree = "<group>";
		};
		B977DF1D2C58ACD300EC0186 /* Setting */ = {
			isa = PBXGroup;
			children = (
				D6DBF7762C5B79EC0095CAFF /* Setting.swift */,
				D6DBF7782C5B86180095CAFF /* TeamInfo.swift */,
				D6DBF77A2C5B910D0095CAFF /* Manual.swift */,
			);
			path = Setting;
			sourceTree = "<group>";
		};
		B977DF1E2C58ACD700EC0186 /* Onboarding */ = {
			isa = PBXGroup;
			children = (
				084E81F72C58B40E00323377 /* Onboarding.swift */,
			);
			path = Onboarding;
			sourceTree = "<group>";
		};
		B977DF1F2C58B39D00EC0186 /* Phrase */ = {
			isa = PBXGroup;
			children = (
				F0E92EAB2C5BCE3500F04BFE /* AddCategoryToPhrase */,
				F0E92EA42C5BC50B00F04BFE /* AddThoughts */,
				B977DF222C58B3B000EC0186 /* DetailPhrase */,
				B977DF212C58B3A800EC0186 /* EditPhrase */,
				B977DF202C58B3A200EC0186 /* AddPhrase */,
			);
			path = Phrase;
			sourceTree = "<group>";
		};
		B977DF202C58B3A200EC0186 /* AddPhrase */ = {
			isa = PBXGroup;
			children = (
				F0E92E9D2C5BC48E00F04BFE /* AddPhraseTextfield.swift */,
				F0E92E9F2C5BC4D800F04BFE /* AddPhraseHeader.swift */,
				F0E92EA22C5BC4F000F04BFE /* AddPhrase.swift */,
			);
			path = AddPhrase;
			sourceTree = "<group>";
		};
		B977DF212C58B3A800EC0186 /* EditPhrase */ = {
			isa = PBXGroup;
			children = (
			);
			path = EditPhrase;
			sourceTree = "<group>";
		};
		B977DF222C58B3B000EC0186 /* DetailPhrase */ = {
			isa = PBXGroup;
			children = (
			);
			path = DetailPhrase;
			sourceTree = "<group>";
		};
		B9AE11732C5897270082C1DE = {
			isa = PBXGroup;
			children = (
				B9AE117E2C5897270082C1DE /* BOOKBBANG */,
				B9AE11942C5897280082C1DE /* BOOKBBANGTests */,
				B9AE119E2C5897280082C1DE /* BOOKBBANGUITests */,
				B9AE117D2C5897270082C1DE /* Products */,
			);
			sourceTree = "<group>";
		};
		B9AE117D2C5897270082C1DE /* Products */ = {
			isa = PBXGroup;
			children = (
				B9AE117C2C5897270082C1DE /* BOOKBBANG.app */,
				B9AE11912C5897280082C1DE /* BOOKBBANGTests.xctest */,
				B9AE119B2C5897280082C1DE /* BOOKBBANGUITests.xctest */,
			);
			name = Products;
			sourceTree = "<group>";
		};
		B9AE117E2C5897270082C1DE /* BOOKBBANG */ = {
			isa = PBXGroup;
			children = (
				6D9F064D2C5FCAE300E73D81 /* Config.xcconfig */,
				B9F6F3A12C58CB1400E7DD4C /* BOOKBBANG.entitlements */,
				B910CC262C590386000FFAA7 /* Info.plist */,
				B977DF122C58AB4400EC0186 /* App */,
				B977DF0D2C58AA6300EC0186 /* Views */,
				B977DF0B2C58AA5600EC0186 /* Resources */,
				B977DF0A2C58AA4E00EC0186 /* Models */,
				B9AE11832C5897280082C1DE /* Assets.xcassets */,
				B9AE11852C5897280082C1DE /* Preview Content */,
				B9C1167B2C5B6E4600E8C26E /* Config.xcconfig */,
			);
			path = BOOKBBANG;
			sourceTree = "<group>";
		};
		B9AE11852C5897280082C1DE /* Preview Content */ = {
			isa = PBXGroup;
			children = (
				B9AE11862C5897280082C1DE /* Preview Assets.xcassets */,
			);
			path = "Preview Content";
			sourceTree = "<group>";
		};
		B9AE11942C5897280082C1DE /* BOOKBBANGTests */ = {
			isa = PBXGroup;
			children = (
				B9AE11952C5897280082C1DE /* BOOKBBANGTests.swift */,
			);
			path = BOOKBBANGTests;
			sourceTree = "<group>";
		};
		B9AE119E2C5897280082C1DE /* BOOKBBANGUITests */ = {
			isa = PBXGroup;
			children = (
				B9AE119F2C5897280082C1DE /* BOOKBBANGUITests.swift */,
				B9AE11A12C5897280082C1DE /* BOOKBBANGUITestsLaunchTests.swift */,
			);
			path = BOOKBBANGUITests;
			sourceTree = "<group>";
		};
		F0E92EA42C5BC50B00F04BFE /* AddThoughts */ = {
			isa = PBXGroup;
			children = (
				F0E92EA52C5BC52700F04BFE /* AddThoughtsTextfield.swift */,
				F0E92EA72C5BC54700F04BFE /* AddThoughsHeader.swift */,
				F0E92EA92C5BC66300F04BFE /* AddThoughts.swift */,
			);
			path = AddThoughts;
			sourceTree = "<group>";
		};
		F0E92EAB2C5BCE3500F04BFE /* AddCategoryToPhrase */ = {
			isa = PBXGroup;
			children = (
			);
			path = AddCategoryToPhrase;
			sourceTree = "<group>";
		};
/* End PBXGroup section */

/* Begin PBXNativeTarget section */
		B9AE117B2C5897270082C1DE /* BOOKBBANG */ = {
			isa = PBXNativeTarget;
			buildConfigurationList = B9AE11A52C5897280082C1DE /* Build configuration list for PBXNativeTarget "BOOKBBANG" */;
			buildPhases = (
				B9AE11782C5897270082C1DE /* Sources */,
				B9AE11792C5897270082C1DE /* Frameworks */,
				B9AE117A2C5897270082C1DE /* Resources */,
			);
			buildRules = (
			);
			dependencies = (
			);
			name = BOOKBBANG;
			packageProductDependencies = (
				D6DBF7562C5A4E720095CAFF /* WaterfallGrid */,
			);
			productName = BOOKBBANG;
			productReference = B9AE117C2C5897270082C1DE /* BOOKBBANG.app */;
			productType = "com.apple.product-type.application";
		};
		B9AE11902C5897280082C1DE /* BOOKBBANGTests */ = {
			isa = PBXNativeTarget;
			buildConfigurationList = B9AE11A82C5897280082C1DE /* Build configuration list for PBXNativeTarget "BOOKBBANGTests" */;
			buildPhases = (
				B9AE118D2C5897280082C1DE /* Sources */,
				B9AE118E2C5897280082C1DE /* Frameworks */,
				B9AE118F2C5897280082C1DE /* Resources */,
			);
			buildRules = (
			);
			dependencies = (
				B9AE11932C5897280082C1DE /* PBXTargetDependency */,
			);
			name = BOOKBBANGTests;
			productName = BOOKBBANGTests;
			productReference = B9AE11912C5897280082C1DE /* BOOKBBANGTests.xctest */;
			productType = "com.apple.product-type.bundle.unit-test";
		};
		B9AE119A2C5897280082C1DE /* BOOKBBANGUITests */ = {
			isa = PBXNativeTarget;
			buildConfigurationList = B9AE11AB2C5897280082C1DE /* Build configuration list for PBXNativeTarget "BOOKBBANGUITests" */;
			buildPhases = (
				B9AE11972C5897280082C1DE /* Sources */,
				B9AE11982C5897280082C1DE /* Frameworks */,
				B9AE11992C5897280082C1DE /* Resources */,
			);
			buildRules = (
			);
			dependencies = (
				B9AE119D2C5897280082C1DE /* PBXTargetDependency */,
			);
			name = BOOKBBANGUITests;
			productName = BOOKBBANGUITests;
			productReference = B9AE119B2C5897280082C1DE /* BOOKBBANGUITests.xctest */;
			productType = "com.apple.product-type.bundle.ui-testing";
		};
/* End PBXNativeTarget section */

/* Begin PBXProject section */
		B9AE11742C5897270082C1DE /* Project object */ = {
			isa = PBXProject;
			attributes = {
				BuildIndependentTargetsInParallel = 1;
				LastSwiftUpdateCheck = 1540;
				LastUpgradeCheck = 1540;
				TargetAttributes = {
					B9AE117B2C5897270082C1DE = {
						CreatedOnToolsVersion = 15.4;
					};
					B9AE11902C5897280082C1DE = {
						CreatedOnToolsVersion = 15.4;
						TestTargetID = B9AE117B2C5897270082C1DE;
					};
					B9AE119A2C5897280082C1DE = {
						CreatedOnToolsVersion = 15.4;
						TestTargetID = B9AE117B2C5897270082C1DE;
					};
				};
			};
			buildConfigurationList = B9AE11772C5897270082C1DE /* Build configuration list for PBXProject "BOOKBBANG" */;
			compatibilityVersion = "Xcode 14.0";
			developmentRegion = en;
			hasScannedForEncodings = 0;
			knownRegions = (
				en,
				Base,
			);
			mainGroup = B9AE11732C5897270082C1DE;
			packageReferences = (
				D6DBF7552C5A4E720095CAFF /* XCRemoteSwiftPackageReference "WaterfallGrid" */,
			);
			productRefGroup = B9AE117D2C5897270082C1DE /* Products */;
			projectDirPath = "";
			projectRoot = "";
			targets = (
				B9AE117B2C5897270082C1DE /* BOOKBBANG */,
				B9AE11902C5897280082C1DE /* BOOKBBANGTests */,
				B9AE119A2C5897280082C1DE /* BOOKBBANGUITests */,
			);
		};
/* End PBXProject section */

/* Begin PBXResourcesBuildPhase section */
		B9AE117A2C5897270082C1DE /* Resources */ = {
			isa = PBXResourcesBuildPhase;
			buildActionMask = 2147483647;
			files = (
				B9C1167C2C5B6E4600E8C26E /* Config.xcconfig in Resources */,
				6D9F064E2C5FCAE300E73D81 /* Config.xcconfig in Resources */,
				B9AE11872C5897280082C1DE /* Preview Assets.xcassets in Resources */,
				B910CC282C5903A5000FFAA7 /* 부크크명조_얇은글씨.ttf in Resources */,
				B9AE11842C5897280082C1DE /* Assets.xcassets in Resources */,
			);
			runOnlyForDeploymentPostprocessing = 0;
		};
		B9AE118F2C5897280082C1DE /* Resources */ = {
			isa = PBXResourcesBuildPhase;
			buildActionMask = 2147483647;
			files = (
				B910CC292C5903A5000FFAA7 /* 부크크명조_얇은글씨.ttf in Resources */,
			);
			runOnlyForDeploymentPostprocessing = 0;
		};
		B9AE11992C5897280082C1DE /* Resources */ = {
			isa = PBXResourcesBuildPhase;
			buildActionMask = 2147483647;
			files = (
				B910CC2A2C5903A5000FFAA7 /* 부크크명조_얇은글씨.ttf in Resources */,
			);
			runOnlyForDeploymentPostprocessing = 0;
		};
/* End PBXResourcesBuildPhase section */

/* Begin PBXSourcesBuildPhase section */
		B9AE11782C5897270082C1DE /* Sources */ = {
			isa = PBXSourcesBuildPhase;
			buildActionMask = 2147483647;
			files = (
				B9F6F39F2C58C9AD00E7DD4C /* ClipStyle.swift in Sources */,
				B9C116802C5C61BA00E8C26E /* CustomNavigationBar.swift in Sources */,
				D6DBF7732C5A967C0095CAFF /* DetailBook.swift in Sources */,
				F0E92EA32C5BC4F000F04BFE /* AddPhrase.swift in Sources */,
				F0E92EAA2C5BC66300F04BFE /* AddThoughts.swift in Sources */,
				6D9F06522C5FCF4100E73D81 /*  BookInfoSection.swift in Sources */,
				D6DBF7642C5A4E830095CAFF /* ImagesGrid.swift in Sources */,
				F0E92EA02C5BC4D800F04BFE /* AddPhraseHeader.swift in Sources */,
				D6DBF76D2C5A4E830095CAFF /* SegmentedBar.swift in Sources */,
				6D9F065E2C5FD09A00E73D81 /* TopClipImage.swift in Sources */,
				F0E92E9E2C5BC48E00F04BFE /* AddPhraseTextfield.swift in Sources */,
				B9C1167E2C5B6EDB00E8C26E /* Config.swift in Sources */,
				D6DBF76D2C5A4E830095CAFF /* SegmentedBar.swift in Sources */,
				D6DBF7792C5B86180095CAFF /* TeamInfo.swift in Sources */,
				D6DBF7652C5A4E830095CAFF /* SortingClipPicker.swift in Sources */,
				D6DBF76C2C5A4E830095CAFF /* SortingBookPicker.swift in Sources */,
				D6DBF77D2C5C60900095CAFF /* TeamMember.swift in Sources */,
				6D9F06642C5FD1C000E73D81 /* Colors.swift in Sources */,
				B910CC2D2C59047E000FFAA7 /* Font+.swift in Sources */,
				D6DBF7632C5A4E830095CAFF /* BookList.swift in Sources */,
				D6DBF76F2C5A4E9D0095CAFF /* ImagesContainer.swift in Sources */,
				F0E92EA62C5BC52700F04BFE /* AddThoughtsTextfield.swift in Sources */,
				B9F42B982C609F0B0075773A /* DetailClip.swift in Sources */,
				6D9F06502C5FCF2100E73D81 /* BookGenreView.swift in Sources */,
				D6DBF76A2C5A4E830095CAFF /* ClipList.swift in Sources */,
				D6DBF7672C5A4E830095CAFF /* EmptyBox.swift in Sources */,
				6DE58EC92C5A0C4C009A9F2F /* AddDough.swift in Sources */,
				6D9F06582C5FD04100E73D81 /*  ClipColorButton.swift in Sources */,
				B9C116782C5B6C6100E8C26E /* BookDTO.swift in Sources */,
				B9C1167A2C5B6C8300E8C26E /* SearchRouter.swift in Sources */,
				B9AE11802C5897270082C1DE /* BOOKBBANGApp.swift in Sources */,
				6D9F06662C5FD1ED00E73D81 /* DoughImage.swift in Sources */,
				6D9F06622C5FD1A500E73D81 /* ClipShapeImage.swift in Sources */,
				D6DBF7692C5A4E830095CAFF /* PhraseCard.swift in Sources */,
				D6DBF76B2C5A4E830095CAFF /* SettingImageGrid.swift in Sources */,
				F0E92EA82C5BC54700F04BFE /* AddThoughsHeader.swift in Sources */,
				D6DBF7662C5A4E830095CAFF /* Home.swift in Sources */,
				084E81F82C58B40E00323377 /* Onboarding.swift in Sources */,
				6DE58EC52C590778009A9F2F /* AddBook.swift in Sources */,
				6D9F06562C5FCF8200E73D81 /* ReadStatusBox.swift in Sources */,
				D6DBF7772C5B79EC0095CAFF /* Setting.swift in Sources */,
				B9AE118C2C5897280082C1DE /* BOOKBBANG.xcdatamodeld in Sources */,
				6D9F065A2C5FD05E00E73D81 /* ClipShapeButton.swift in Sources */,
				6DE58EBF2C58C190009A9F2F /* AddClip.swift in Sources */,
				B92946252C5A866800C25EDB /* SearchBookSearchBar.swift in Sources */,
				B92946272C5A8A3300C25EDB /* SearchBookListRow.swift in Sources */,
				6DE58EC72C59234E009A9F2F /* ClipData.swift in Sources */,
				6D9F06602C5FD18900E73D81 /* ClipImage.swift in Sources */,
				6DE58ECF2C5B4A97009A9F2F /* AddBookFinal.swift in Sources */,
				D6DBF7752C5A97FC0095CAFF /* BookInfo.swift in Sources */,
				B977DF112C58AA8200EC0186 /* SearchBook.swift in Sources */,
				D6DBF77B2C5B910D0095CAFF /* Manual.swift in Sources */,
				B9F6F39D2C58C84300E7DD4C /* BookGenre.swift in Sources */,
				6D9F065C2C5FD07B00E73D81 /* ClipTextFields.swift in Sources */,
				6D9F06542C5FCF5D00E73D81 /* HeaderSection.swift in Sources */,
				B92946292C5A8A9400C25EDB /* AsyncImage.swift in Sources */,
				B9F6F39B2C58C7D500E7DD4C /* ReadStatus.swift in Sources */,
				6DE58EC32C58D833009A9F2F /* EditClip.swift in Sources */,
			);
			runOnlyForDeploymentPostprocessing = 0;
		};
		B9AE118D2C5897280082C1DE /* Sources */ = {
			isa = PBXSourcesBuildPhase;
			buildActionMask = 2147483647;
			files = (
				B910CC2E2C59047E000FFAA7 /* Font+.swift in Sources */,
				B9AE11962C5897280082C1DE /* BOOKBBANGTests.swift in Sources */,
			);
			runOnlyForDeploymentPostprocessing = 0;
		};
		B9AE11972C5897280082C1DE /* Sources */ = {
			isa = PBXSourcesBuildPhase;
			buildActionMask = 2147483647;
			files = (
				B910CC2F2C59047E000FFAA7 /* Font+.swift in Sources */,
				B9AE11A22C5897280082C1DE /* BOOKBBANGUITestsLaunchTests.swift in Sources */,
				B9AE11A02C5897280082C1DE /* BOOKBBANGUITests.swift in Sources */,
			);
			runOnlyForDeploymentPostprocessing = 0;
		};
/* End PBXSourcesBuildPhase section */

/* Begin PBXTargetDependency section */
		B9AE11932C5897280082C1DE /* PBXTargetDependency */ = {
			isa = PBXTargetDependency;
			target = B9AE117B2C5897270082C1DE /* BOOKBBANG */;
			targetProxy = B9AE11922C5897280082C1DE /* PBXContainerItemProxy */;
		};
		B9AE119D2C5897280082C1DE /* PBXTargetDependency */ = {
			isa = PBXTargetDependency;
			target = B9AE117B2C5897270082C1DE /* BOOKBBANG */;
			targetProxy = B9AE119C2C5897280082C1DE /* PBXContainerItemProxy */;
		};
/* End PBXTargetDependency section */

/* Begin XCBuildConfiguration section */
		B9AE11A32C5897280082C1DE /* Debug */ = {
			isa = XCBuildConfiguration;
			buildSettings = {
				ALWAYS_SEARCH_USER_PATHS = NO;
				ASSETCATALOG_COMPILER_GENERATE_SWIFT_ASSET_SYMBOL_EXTENSIONS = YES;
				CLANG_ANALYZER_NONNULL = YES;
				CLANG_ANALYZER_NUMBER_OBJECT_CONVERSION = YES_AGGRESSIVE;
				CLANG_CXX_LANGUAGE_STANDARD = "gnu++20";
				CLANG_ENABLE_MODULES = YES;
				CLANG_ENABLE_OBJC_ARC = YES;
				CLANG_ENABLE_OBJC_WEAK = YES;
				CLANG_WARN_BLOCK_CAPTURE_AUTORELEASING = YES;
				CLANG_WARN_BOOL_CONVERSION = YES;
				CLANG_WARN_COMMA = YES;
				CLANG_WARN_CONSTANT_CONVERSION = YES;
				CLANG_WARN_DEPRECATED_OBJC_IMPLEMENTATIONS = YES;
				CLANG_WARN_DIRECT_OBJC_ISA_USAGE = YES_ERROR;
				CLANG_WARN_DOCUMENTATION_COMMENTS = YES;
				CLANG_WARN_EMPTY_BODY = YES;
				CLANG_WARN_ENUM_CONVERSION = YES;
				CLANG_WARN_INFINITE_RECURSION = YES;
				CLANG_WARN_INT_CONVERSION = YES;
				CLANG_WARN_NON_LITERAL_NULL_CONVERSION = YES;
				CLANG_WARN_OBJC_IMPLICIT_RETAIN_SELF = YES;
				CLANG_WARN_OBJC_LITERAL_CONVERSION = YES;
				CLANG_WARN_OBJC_ROOT_CLASS = YES_ERROR;
				CLANG_WARN_QUOTED_INCLUDE_IN_FRAMEWORK_HEADER = YES;
				CLANG_WARN_RANGE_LOOP_ANALYSIS = YES;
				CLANG_WARN_STRICT_PROTOTYPES = YES;
				CLANG_WARN_SUSPICIOUS_MOVE = YES;
				CLANG_WARN_UNGUARDED_AVAILABILITY = YES_AGGRESSIVE;
				CLANG_WARN_UNREACHABLE_CODE = YES;
				CLANG_WARN__DUPLICATE_METHOD_MATCH = YES;
				COPY_PHASE_STRIP = NO;
				DEBUG_INFORMATION_FORMAT = dwarf;
				ENABLE_STRICT_OBJC_MSGSEND = YES;
				ENABLE_TESTABILITY = YES;
				ENABLE_USER_SCRIPT_SANDBOXING = YES;
				GCC_C_LANGUAGE_STANDARD = gnu17;
				GCC_DYNAMIC_NO_PIC = NO;
				GCC_NO_COMMON_BLOCKS = YES;
				GCC_OPTIMIZATION_LEVEL = 0;
				GCC_PREPROCESSOR_DEFINITIONS = (
					"DEBUG=1",
					"$(inherited)",
				);
				GCC_WARN_64_TO_32_BIT_CONVERSION = YES;
				GCC_WARN_ABOUT_RETURN_TYPE = YES_ERROR;
				GCC_WARN_UNDECLARED_SELECTOR = YES;
				GCC_WARN_UNINITIALIZED_AUTOS = YES_AGGRESSIVE;
				GCC_WARN_UNUSED_FUNCTION = YES;
				GCC_WARN_UNUSED_VARIABLE = YES;
				IPHONEOS_DEPLOYMENT_TARGET = 16.0;
				LOCALIZATION_PREFERS_STRING_CATALOGS = YES;
				MTL_ENABLE_DEBUG_INFO = INCLUDE_SOURCE;
				MTL_FAST_MATH = YES;
				ONLY_ACTIVE_ARCH = YES;
				SDKROOT = iphoneos;
				SWIFT_ACTIVE_COMPILATION_CONDITIONS = "DEBUG $(inherited)";
				SWIFT_OPTIMIZATION_LEVEL = "-Onone";
			};
			name = Debug;
		};
		B9AE11A42C5897280082C1DE /* Release */ = {
			isa = XCBuildConfiguration;
			buildSettings = {
				ALWAYS_SEARCH_USER_PATHS = NO;
				ASSETCATALOG_COMPILER_GENERATE_SWIFT_ASSET_SYMBOL_EXTENSIONS = YES;
				CLANG_ANALYZER_NONNULL = YES;
				CLANG_ANALYZER_NUMBER_OBJECT_CONVERSION = YES_AGGRESSIVE;
				CLANG_CXX_LANGUAGE_STANDARD = "gnu++20";
				CLANG_ENABLE_MODULES = YES;
				CLANG_ENABLE_OBJC_ARC = YES;
				CLANG_ENABLE_OBJC_WEAK = YES;
				CLANG_WARN_BLOCK_CAPTURE_AUTORELEASING = YES;
				CLANG_WARN_BOOL_CONVERSION = YES;
				CLANG_WARN_COMMA = YES;
				CLANG_WARN_CONSTANT_CONVERSION = YES;
				CLANG_WARN_DEPRECATED_OBJC_IMPLEMENTATIONS = YES;
				CLANG_WARN_DIRECT_OBJC_ISA_USAGE = YES_ERROR;
				CLANG_WARN_DOCUMENTATION_COMMENTS = YES;
				CLANG_WARN_EMPTY_BODY = YES;
				CLANG_WARN_ENUM_CONVERSION = YES;
				CLANG_WARN_INFINITE_RECURSION = YES;
				CLANG_WARN_INT_CONVERSION = YES;
				CLANG_WARN_NON_LITERAL_NULL_CONVERSION = YES;
				CLANG_WARN_OBJC_IMPLICIT_RETAIN_SELF = YES;
				CLANG_WARN_OBJC_LITERAL_CONVERSION = YES;
				CLANG_WARN_OBJC_ROOT_CLASS = YES_ERROR;
				CLANG_WARN_QUOTED_INCLUDE_IN_FRAMEWORK_HEADER = YES;
				CLANG_WARN_RANGE_LOOP_ANALYSIS = YES;
				CLANG_WARN_STRICT_PROTOTYPES = YES;
				CLANG_WARN_SUSPICIOUS_MOVE = YES;
				CLANG_WARN_UNGUARDED_AVAILABILITY = YES_AGGRESSIVE;
				CLANG_WARN_UNREACHABLE_CODE = YES;
				CLANG_WARN__DUPLICATE_METHOD_MATCH = YES;
				COPY_PHASE_STRIP = NO;
				DEBUG_INFORMATION_FORMAT = "dwarf-with-dsym";
				ENABLE_NS_ASSERTIONS = NO;
				ENABLE_STRICT_OBJC_MSGSEND = YES;
				ENABLE_USER_SCRIPT_SANDBOXING = YES;
				GCC_C_LANGUAGE_STANDARD = gnu17;
				GCC_NO_COMMON_BLOCKS = YES;
				GCC_WARN_64_TO_32_BIT_CONVERSION = YES;
				GCC_WARN_ABOUT_RETURN_TYPE = YES_ERROR;
				GCC_WARN_UNDECLARED_SELECTOR = YES;
				GCC_WARN_UNINITIALIZED_AUTOS = YES_AGGRESSIVE;
				GCC_WARN_UNUSED_FUNCTION = YES;
				GCC_WARN_UNUSED_VARIABLE = YES;
				IPHONEOS_DEPLOYMENT_TARGET = 16.0;
				LOCALIZATION_PREFERS_STRING_CATALOGS = YES;
				MTL_ENABLE_DEBUG_INFO = NO;
				MTL_FAST_MATH = YES;
				SDKROOT = iphoneos;
				SWIFT_COMPILATION_MODE = wholemodule;
				VALIDATE_PRODUCT = YES;
			};
			name = Release;
		};
		B9AE11A62C5897280082C1DE /* Debug */ = {
			isa = XCBuildConfiguration;
			baseConfigurationReference = B9C1167B2C5B6E4600E8C26E /* Config.xcconfig */;
			buildSettings = {
				ASSETCATALOG_COMPILER_APPICON_NAME = AppIcon;
				ASSETCATALOG_COMPILER_GLOBAL_ACCENT_COLOR_NAME = AccentColor;
				CODE_SIGN_ENTITLEMENTS = BOOKBBANG/BOOKBBANG.entitlements;
				CODE_SIGN_STYLE = Automatic;
				CURRENT_PROJECT_VERSION = 1;
				DEVELOPMENT_ASSET_PATHS = "\"BOOKBBANG/Preview Content\"";
				DEVELOPMENT_TEAM = R94YP9SKB4;
				ENABLE_PREVIEWS = YES;
				GENERATE_INFOPLIST_FILE = YES;
				INFOPLIST_FILE = BOOKBBANG/Info.plist;
				INFOPLIST_KEY_UIApplicationSceneManifest_Generation = YES;
				INFOPLIST_KEY_UIApplicationSupportsIndirectInputEvents = YES;
				INFOPLIST_KEY_UILaunchScreen_Generation = YES;
				INFOPLIST_KEY_UIStatusBarStyle = UIStatusBarStyleLightContent;
				INFOPLIST_KEY_UISupportedInterfaceOrientations = UIInterfaceOrientationPortrait;
				INFOPLIST_KEY_UIUserInterfaceStyle = Light;
				IPHONEOS_DEPLOYMENT_TARGET = 16.0;
				LD_RUNPATH_SEARCH_PATHS = (
					"$(inherited)",
					"@executable_path/Frameworks",
				);
				MARKETING_VERSION = 1.0;
				PRODUCT_BUNDLE_IDENTIFIER = com.seoyeonchoi.BOOKBBANG;
				PRODUCT_NAME = "$(TARGET_NAME)";
				SUPPORTED_PLATFORMS = "iphoneos iphonesimulator";
				SUPPORTS_MACCATALYST = NO;
				SUPPORTS_XR_DESIGNED_FOR_IPHONE_IPAD = NO;
				SWIFT_EMIT_LOC_STRINGS = YES;
				SWIFT_VERSION = 5.0;
				TARGETED_DEVICE_FAMILY = "1,2";
			};
			name = Debug;
		};
		B9AE11A72C5897280082C1DE /* Release */ = {
			isa = XCBuildConfiguration;
			baseConfigurationReference = B9C1167B2C5B6E4600E8C26E /* Config.xcconfig */;
			buildSettings = {
				ASSETCATALOG_COMPILER_APPICON_NAME = AppIcon;
				ASSETCATALOG_COMPILER_GLOBAL_ACCENT_COLOR_NAME = AccentColor;
				CODE_SIGN_ENTITLEMENTS = BOOKBBANG/BOOKBBANG.entitlements;
				CODE_SIGN_STYLE = Automatic;
				CURRENT_PROJECT_VERSION = 1;
				DEVELOPMENT_ASSET_PATHS = "\"BOOKBBANG/Preview Content\"";
				DEVELOPMENT_TEAM = R94YP9SKB4;
				ENABLE_PREVIEWS = YES;
				GENERATE_INFOPLIST_FILE = YES;
				INFOPLIST_FILE = BOOKBBANG/Info.plist;
				INFOPLIST_KEY_UIApplicationSceneManifest_Generation = YES;
				INFOPLIST_KEY_UIApplicationSupportsIndirectInputEvents = YES;
				INFOPLIST_KEY_UILaunchScreen_Generation = YES;
				INFOPLIST_KEY_UIStatusBarStyle = UIStatusBarStyleLightContent;
				INFOPLIST_KEY_UISupportedInterfaceOrientations = UIInterfaceOrientationPortrait;
				INFOPLIST_KEY_UIUserInterfaceStyle = Light;
				IPHONEOS_DEPLOYMENT_TARGET = 16.0;
				LD_RUNPATH_SEARCH_PATHS = (
					"$(inherited)",
					"@executable_path/Frameworks",
				);
				MARKETING_VERSION = 1.0;
				PRODUCT_BUNDLE_IDENTIFIER = com.seoyeonchoi.BOOKBBANG;
				PRODUCT_NAME = "$(TARGET_NAME)";
				SUPPORTED_PLATFORMS = "iphoneos iphonesimulator";
				SUPPORTS_MACCATALYST = NO;
				SUPPORTS_XR_DESIGNED_FOR_IPHONE_IPAD = NO;
				SWIFT_EMIT_LOC_STRINGS = YES;
				SWIFT_VERSION = 5.0;
				TARGETED_DEVICE_FAMILY = "1,2";
			};
			name = Release;
		};
		B9AE11A92C5897280082C1DE /* Debug */ = {
			isa = XCBuildConfiguration;
			buildSettings = {
				ALWAYS_EMBED_SWIFT_STANDARD_LIBRARIES = YES;
				BUNDLE_LOADER = "$(TEST_HOST)";
				CODE_SIGN_STYLE = Automatic;
				CURRENT_PROJECT_VERSION = 1;
				DEVELOPMENT_TEAM = 9SVDHQS4M3;
				GENERATE_INFOPLIST_FILE = YES;
				IPHONEOS_DEPLOYMENT_TARGET = 17.5;
				MARKETING_VERSION = 1.0;
				PRODUCT_BUNDLE_IDENTIFIER = com.seoyeonchoi.BOOKBBANGTests;
				PRODUCT_NAME = "$(TARGET_NAME)";
				SWIFT_EMIT_LOC_STRINGS = NO;
				SWIFT_VERSION = 5.0;
				TARGETED_DEVICE_FAMILY = "1,2";
				TEST_HOST = "$(BUILT_PRODUCTS_DIR)/BOOKBBANG.app/$(BUNDLE_EXECUTABLE_FOLDER_PATH)/BOOKBBANG";
			};
			name = Debug;
		};
		B9AE11AA2C5897280082C1DE /* Release */ = {
			isa = XCBuildConfiguration;
			buildSettings = {
				ALWAYS_EMBED_SWIFT_STANDARD_LIBRARIES = YES;
				BUNDLE_LOADER = "$(TEST_HOST)";
				CODE_SIGN_STYLE = Automatic;
				CURRENT_PROJECT_VERSION = 1;
				DEVELOPMENT_TEAM = 9SVDHQS4M3;
				GENERATE_INFOPLIST_FILE = YES;
				IPHONEOS_DEPLOYMENT_TARGET = 17.5;
				MARKETING_VERSION = 1.0;
				PRODUCT_BUNDLE_IDENTIFIER = com.seoyeonchoi.BOOKBBANGTests;
				PRODUCT_NAME = "$(TARGET_NAME)";
				SWIFT_EMIT_LOC_STRINGS = NO;
				SWIFT_VERSION = 5.0;
				TARGETED_DEVICE_FAMILY = "1,2";
				TEST_HOST = "$(BUILT_PRODUCTS_DIR)/BOOKBBANG.app/$(BUNDLE_EXECUTABLE_FOLDER_PATH)/BOOKBBANG";
			};
			name = Release;
		};
		B9AE11AC2C5897280082C1DE /* Debug */ = {
			isa = XCBuildConfiguration;
			buildSettings = {
				ALWAYS_EMBED_SWIFT_STANDARD_LIBRARIES = YES;
				CODE_SIGN_STYLE = Automatic;
				CURRENT_PROJECT_VERSION = 1;
				DEVELOPMENT_TEAM = 9SVDHQS4M3;
				GENERATE_INFOPLIST_FILE = YES;
				MARKETING_VERSION = 1.0;
				PRODUCT_BUNDLE_IDENTIFIER = com.seoyeonchoi.BOOKBBANGUITests;
				PRODUCT_NAME = "$(TARGET_NAME)";
				SWIFT_EMIT_LOC_STRINGS = NO;
				SWIFT_VERSION = 5.0;
				TARGETED_DEVICE_FAMILY = "1,2";
				TEST_TARGET_NAME = BOOKBBANG;
			};
			name = Debug;
		};
		B9AE11AD2C5897280082C1DE /* Release */ = {
			isa = XCBuildConfiguration;
			buildSettings = {
				ALWAYS_EMBED_SWIFT_STANDARD_LIBRARIES = YES;
				CODE_SIGN_STYLE = Automatic;
				CURRENT_PROJECT_VERSION = 1;
				DEVELOPMENT_TEAM = 9SVDHQS4M3;
				GENERATE_INFOPLIST_FILE = YES;
				MARKETING_VERSION = 1.0;
				PRODUCT_BUNDLE_IDENTIFIER = com.seoyeonchoi.BOOKBBANGUITests;
				PRODUCT_NAME = "$(TARGET_NAME)";
				SWIFT_EMIT_LOC_STRINGS = NO;
				SWIFT_VERSION = 5.0;
				TARGETED_DEVICE_FAMILY = "1,2";
				TEST_TARGET_NAME = BOOKBBANG;
			};
			name = Release;
		};
/* End XCBuildConfiguration section */

/* Begin XCConfigurationList section */
		B9AE11772C5897270082C1DE /* Build configuration list for PBXProject "BOOKBBANG" */ = {
			isa = XCConfigurationList;
			buildConfigurations = (
				B9AE11A32C5897280082C1DE /* Debug */,
				B9AE11A42C5897280082C1DE /* Release */,
			);
			defaultConfigurationIsVisible = 0;
			defaultConfigurationName = Release;
		};
		B9AE11A52C5897280082C1DE /* Build configuration list for PBXNativeTarget "BOOKBBANG" */ = {
			isa = XCConfigurationList;
			buildConfigurations = (
				B9AE11A62C5897280082C1DE /* Debug */,
				B9AE11A72C5897280082C1DE /* Release */,
			);
			defaultConfigurationIsVisible = 0;
			defaultConfigurationName = Release;
		};
		B9AE11A82C5897280082C1DE /* Build configuration list for PBXNativeTarget "BOOKBBANGTests" */ = {
			isa = XCConfigurationList;
			buildConfigurations = (
				B9AE11A92C5897280082C1DE /* Debug */,
				B9AE11AA2C5897280082C1DE /* Release */,
			);
			defaultConfigurationIsVisible = 0;
			defaultConfigurationName = Release;
		};
		B9AE11AB2C5897280082C1DE /* Build configuration list for PBXNativeTarget "BOOKBBANGUITests" */ = {
			isa = XCConfigurationList;
			buildConfigurations = (
				B9AE11AC2C5897280082C1DE /* Debug */,
				B9AE11AD2C5897280082C1DE /* Release */,
			);
			defaultConfigurationIsVisible = 0;
			defaultConfigurationName = Release;
		};
/* End XCConfigurationList section */

/* Begin XCRemoteSwiftPackageReference section */
		D6DBF7552C5A4E720095CAFF /* XCRemoteSwiftPackageReference "WaterfallGrid" */ = {
			isa = XCRemoteSwiftPackageReference;
			repositoryURL = "https://github.com/paololeonardi/WaterfallGrid";
			requirement = {
				kind = upToNextMajorVersion;
				minimumVersion = 1.1.0;
			};
		};
/* End XCRemoteSwiftPackageReference section */

/* Begin XCSwiftPackageProductDependency section */
		D6DBF7562C5A4E720095CAFF /* WaterfallGrid */ = {
			isa = XCSwiftPackageProductDependency;
			package = D6DBF7552C5A4E720095CAFF /* XCRemoteSwiftPackageReference "WaterfallGrid" */;
			productName = WaterfallGrid;
		};
/* End XCSwiftPackageProductDependency section */

/* Begin XCVersionGroup section */
		B9AE118A2C5897280082C1DE /* BOOKBBANG.xcdatamodeld */ = {
			isa = XCVersionGroup;
			children = (
				B9AE118B2C5897280082C1DE /* BOOKBBANG.xcdatamodel */,
			);
			currentVersion = B9AE118B2C5897280082C1DE /* BOOKBBANG.xcdatamodel */;
			path = BOOKBBANG.xcdatamodeld;
			sourceTree = "<group>";
			versionGroupType = wrapper.xcdatamodel;
		};
/* End XCVersionGroup section */
	};
	rootObject = B9AE11742C5897270082C1DE /* Project object */;
}
