// !$*UTF8*$!
{
	archiveVersion = 1;
	classes = {
	};
	objectVersion = 56;
	objects = {

/* Begin PBXBuildFile section */
		084E81F82C58B40E00323377 /* Onboarding.swift in Sources */ = {isa = PBXBuildFile; fileRef = 084E81F72C58B40E00323377 /* Onboarding.swift */; };
		B977DF112C58AA8200EC0186 /* SearchBook.swift in Sources */ = {isa = PBXBuildFile; fileRef = B977DF102C58AA8200EC0186 /* SearchBook.swift */; };
		B9AE11802C5897270082C1DE /* BOOKBBANGApp.swift in Sources */ = {isa = PBXBuildFile; fileRef = B9AE117F2C5897270082C1DE /* BOOKBBANGApp.swift */; };
		B9AE11842C5897280082C1DE /* Assets.xcassets in Resources */ = {isa = PBXBuildFile; fileRef = B9AE11832C5897280082C1DE /* Assets.xcassets */; };
		B9AE11872C5897280082C1DE /* Preview Assets.xcassets in Resources */ = {isa = PBXBuildFile; fileRef = B9AE11862C5897280082C1DE /* Preview Assets.xcassets */; };
		B9AE11892C5897280082C1DE /* Persistence.swift in Sources */ = {isa = PBXBuildFile; fileRef = B9AE11882C5897280082C1DE /* Persistence.swift */; };
		B9AE118C2C5897280082C1DE /* BOOKBBANG.xcdatamodeld in Sources */ = {isa = PBXBuildFile; fileRef = B9AE118A2C5897280082C1DE /* BOOKBBANG.xcdatamodeld */; };
		B9AE11962C5897280082C1DE /* BOOKBBANGTests.swift in Sources */ = {isa = PBXBuildFile; fileRef = B9AE11952C5897280082C1DE /* BOOKBBANGTests.swift */; };
		B9AE11A02C5897280082C1DE /* BOOKBBANGUITests.swift in Sources */ = {isa = PBXBuildFile; fileRef = B9AE119F2C5897280082C1DE /* BOOKBBANGUITests.swift */; };
		B9AE11A22C5897280082C1DE /* BOOKBBANGUITestsLaunchTests.swift in Sources */ = {isa = PBXBuildFile; fileRef = B9AE11A12C5897280082C1DE /* BOOKBBANGUITestsLaunchTests.swift */; };
		B9F6F39B2C58C7D500E7DD4C /* ReadStatus.swift in Sources */ = {isa = PBXBuildFile; fileRef = B9F6F39A2C58C7D500E7DD4C /* ReadStatus.swift */; };
		B9F6F39D2C58C84300E7DD4C /* BookGenre.swift in Sources */ = {isa = PBXBuildFile; fileRef = B9F6F39C2C58C84300E7DD4C /* BookGenre.swift */; };
		B9F6F39F2C58C9AD00E7DD4C /* ClipStyle.swift in Sources */ = {isa = PBXBuildFile; fileRef = B9F6F39E2C58C9AD00E7DD4C /* ClipStyle.swift */; };
		D6584D592C58B39B00792DF7 /* HomeView.swift in Sources */ = {isa = PBXBuildFile; fileRef = D6584D582C58B39B00792DF7 /* HomeView.swift */; };
/* End PBXBuildFile section */

/* Begin PBXContainerItemProxy section */
		B9AE11922C5897280082C1DE /* PBXContainerItemProxy */ = {
			isa = PBXContainerItemProxy;
			containerPortal = B9AE11742C5897270082C1DE /* Project object */;
			proxyType = 1;
			remoteGlobalIDString = B9AE117B2C5897270082C1DE;
			remoteInfo = BOOKBBANG;
		};
		B9AE119C2C5897280082C1DE /* PBXContainerItemProxy */ = {
			isa = PBXContainerItemProxy;
			containerPortal = B9AE11742C5897270082C1DE /* Project object */;
			proxyType = 1;
			remoteGlobalIDString = B9AE117B2C5897270082C1DE;
			remoteInfo = BOOKBBANG;
		};
/* End PBXContainerItemProxy section */

/* Begin PBXFileReference section */
		084E81F72C58B40E00323377 /* Onboarding.swift */ = {isa = PBXFileReference; lastKnownFileType = sourcecode.swift; path = Onboarding.swift; sourceTree = "<group>"; };
		B977DF102C58AA8200EC0186 /* SearchBook.swift */ = {isa = PBXFileReference; lastKnownFileType = sourcecode.swift; path = SearchBook.swift; sourceTree = "<group>"; };
		B9AE117C2C5897270082C1DE /* BOOKBBANG.app */ = {isa = PBXFileReference; explicitFileType = wrapper.application; includeInIndex = 0; path = BOOKBBANG.app; sourceTree = BUILT_PRODUCTS_DIR; };
		B9AE117F2C5897270082C1DE /* BOOKBBANGApp.swift */ = {isa = PBXFileReference; lastKnownFileType = sourcecode.swift; path = BOOKBBANGApp.swift; sourceTree = "<group>"; };
		B9AE11832C5897280082C1DE /* Assets.xcassets */ = {isa = PBXFileReference; lastKnownFileType = folder.assetcatalog; path = Assets.xcassets; sourceTree = "<group>"; };
		B9AE11862C5897280082C1DE /* Preview Assets.xcassets */ = {isa = PBXFileReference; lastKnownFileType = folder.assetcatalog; path = "Preview Assets.xcassets"; sourceTree = "<group>"; };
		B9AE11882C5897280082C1DE /* Persistence.swift */ = {isa = PBXFileReference; lastKnownFileType = sourcecode.swift; path = Persistence.swift; sourceTree = "<group>"; };
		B9AE118B2C5897280082C1DE /* BOOKBBANG.xcdatamodel */ = {isa = PBXFileReference; lastKnownFileType = wrapper.xcdatamodel; path = BOOKBBANG.xcdatamodel; sourceTree = "<group>"; };
		B9AE11912C5897280082C1DE /* BOOKBBANGTests.xctest */ = {isa = PBXFileReference; explicitFileType = wrapper.cfbundle; includeInIndex = 0; path = BOOKBBANGTests.xctest; sourceTree = BUILT_PRODUCTS_DIR; };
		B9AE11952C5897280082C1DE /* BOOKBBANGTests.swift */ = {isa = PBXFileReference; lastKnownFileType = sourcecode.swift; path = BOOKBBANGTests.swift; sourceTree = "<group>"; };
		B9AE119B2C5897280082C1DE /* BOOKBBANGUITests.xctest */ = {isa = PBXFileReference; explicitFileType = wrapper.cfbundle; includeInIndex = 0; path = BOOKBBANGUITests.xctest; sourceTree = BUILT_PRODUCTS_DIR; };
		B9AE119F2C5897280082C1DE /* BOOKBBANGUITests.swift */ = {isa = PBXFileReference; lastKnownFileType = sourcecode.swift; path = BOOKBBANGUITests.swift; sourceTree = "<group>"; };
		B9AE11A12C5897280082C1DE /* BOOKBBANGUITestsLaunchTests.swift */ = {isa = PBXFileReference; lastKnownFileType = sourcecode.swift; path = BOOKBBANGUITestsLaunchTests.swift; sourceTree = "<group>"; };
		B9F6F39A2C58C7D500E7DD4C /* ReadStatus.swift */ = {isa = PBXFileReference; lastKnownFileType = sourcecode.swift; path = ReadStatus.swift; sourceTree = "<group>"; };
		B9F6F39C2C58C84300E7DD4C /* BookGenre.swift */ = {isa = PBXFileReference; lastKnownFileType = sourcecode.swift; path = BookGenre.swift; sourceTree = "<group>"; };
		B9F6F39E2C58C9AD00E7DD4C /* ClipStyle.swift */ = {isa = PBXFileReference; lastKnownFileType = sourcecode.swift; path = ClipStyle.swift; sourceTree = "<group>"; };
		D6584D582C58B39B00792DF7 /* HomeView.swift */ = {isa = PBXFileReference; lastKnownFileType = sourcecode.swift; path = HomeView.swift; sourceTree = "<group>"; };
/* End PBXFileReference section */

/* Begin PBXFrameworksBuildPhase section */
		B9AE11792C5897270082C1DE /* Frameworks */ = {
			isa = PBXFrameworksBuildPhase;
			buildActionMask = 2147483647;
			files = (
			);
			runOnlyForDeploymentPostprocessing = 0;
		};
		B9AE118E2C5897280082C1DE /* Frameworks */ = {
			isa = PBXFrameworksBuildPhase;
			buildActionMask = 2147483647;
			files = (
			);
			runOnlyForDeploymentPostprocessing = 0;
		};
		B9AE11982C5897280082C1DE /* Frameworks */ = {
			isa = PBXFrameworksBuildPhase;
			buildActionMask = 2147483647;
			files = (
			);
			runOnlyForDeploymentPostprocessing = 0;
		};
/* End PBXFrameworksBuildPhase section */

/* Begin PBXGroup section */
		B977DF0A2C58AA4E00EC0186 /* Models */ = {
			isa = PBXGroup;
			children = (
				B9AE11882C5897280082C1DE /* Persistence.swift */,
				B9AE118A2C5897280082C1DE /* BOOKBBANG.xcdatamodeld */,
				B9F6F39A2C58C7D500E7DD4C /* ReadStatus.swift */,
				B9F6F39C2C58C84300E7DD4C /* BookGenre.swift */,
				B9F6F39E2C58C9AD00E7DD4C /* ClipStyle.swift */,
			);
			path = Models;
			sourceTree = "<group>";
		};
		B977DF0B2C58AA5600EC0186 /* Resources */ = {
			isa = PBXGroup;
			children = (
				B977DF0C2C58AA5F00EC0186 /* Fonts */,
			);
			path = Resources;
			sourceTree = "<group>";
		};
		B977DF0C2C58AA5F00EC0186 /* Fonts */ = {
			isa = PBXGroup;
			children = (
			);
			path = Fonts;
			sourceTree = "<group>";
		};
		B977DF0D2C58AA6300EC0186 /* Views */ = {
			isa = PBXGroup;
			children = (
				B977DF1F2C58B39D00EC0186 /* Phrase */,
				B977DF1E2C58ACD700EC0186 /* Onboarding */,
				B977DF1D2C58ACD300EC0186 /* Setting */,
				B977DF1B2C58ACC600EC0186 /* Recipt */,
				B977DF152C58AC3E00EC0186 /* Clip */,
				B977DF142C58AC3100EC0186 /* Book */,
				B977DF132C58AC2D00EC0186 /* Home */,
				B977DF0E2C58AA6A00EC0186 /* Helpers */,
			);
			path = Views;
			sourceTree = "<group>";
		};
		B977DF0E2C58AA6A00EC0186 /* Helpers */ = {
			isa = PBXGroup;
			children = (
			);
			path = Helpers;
			sourceTree = "<group>";
		};
		B977DF0F2C58AA7300EC0186 /* SearchBook */ = {
			isa = PBXGroup;
			children = (
				B977DF102C58AA8200EC0186 /* SearchBook.swift */,
			);
			path = SearchBook;
			sourceTree = "<group>";
		};
		B977DF122C58AB4400EC0186 /* App */ = {
			isa = PBXGroup;
			children = (
				B9AE117F2C5897270082C1DE /* BOOKBBANGApp.swift */,
			);
			path = App;
			sourceTree = "<group>";
		};
		B977DF132C58AC2D00EC0186 /* Home */ = {
			isa = PBXGroup;
			children = (
				D6584D582C58B39B00792DF7 /* HomeView.swift */,
			);
			path = Home;
			sourceTree = "<group>";
		};
		B977DF142C58AC3100EC0186 /* Book */ = {
			isa = PBXGroup;
			children = (
				B977DF1A2C58ACA800EC0186 /* AddBook */,
				B977DF192C58AC9600EC0186 /* DetailBook */,
				B977DF0F2C58AA7300EC0186 /* SearchBook */,
			);
			path = Book;
			sourceTree = "<group>";
		};
		B977DF152C58AC3E00EC0186 /* Clip */ = {
			isa = PBXGroup;
			children = (
				B977DF182C58AC7800EC0186 /* DetailClip */,
				B977DF172C58AC6E00EC0186 /* EditClip */,
				B977DF162C58AC4300EC0186 /* AddClip */,
			);
			path = Clip;
			sourceTree = "<group>";
		};
		B977DF162C58AC4300EC0186 /* AddClip */ = {
			isa = PBXGroup;
			children = (
			);
			path = AddClip;
			sourceTree = "<group>";
		};
		B977DF172C58AC6E00EC0186 /* EditClip */ = {
			isa = PBXGroup;
			children = (
			);
			path = EditClip;
			sourceTree = "<group>";
		};
		B977DF182C58AC7800EC0186 /* DetailClip */ = {
			isa = PBXGroup;
			children = (
			);
			path = DetailClip;
			sourceTree = "<group>";
		};
		B977DF192C58AC9600EC0186 /* DetailBook */ = {
			isa = PBXGroup;
			children = (
			);
			path = DetailBook;
			sourceTree = "<group>";
		};
		B977DF1A2C58ACA800EC0186 /* AddBook */ = {
			isa = PBXGroup;
			children = (
			);
			path = AddBook;
			sourceTree = "<group>";
		};
		B977DF1B2C58ACC600EC0186 /* Recipt */ = {
			isa = PBXGroup;
			children = (
			);
			path = Recipt;
			sourceTree = "<group>";
		};
		B977DF1D2C58ACD300EC0186 /* Setting */ = {
			isa = PBXGroup;
			children = (
			);
			path = Setting;
			sourceTree = "<group>";
		};
		B977DF1E2C58ACD700EC0186 /* Onboarding */ = {
			isa = PBXGroup;
			children = (
				084E81F72C58B40E00323377 /* Onboarding.swift */,
			);
			path = Onboarding;
			sourceTree = "<group>";
		};
		B977DF1F2C58B39D00EC0186 /* Phrase */ = {
			isa = PBXGroup;
			children = (
				B977DF222C58B3B000EC0186 /* DetailPhrase */,
				B977DF212C58B3A800EC0186 /* EditPhrase */,
				B977DF202C58B3A200EC0186 /* AddPhrase */,
			);
			path = Phrase;
			sourceTree = "<group>";
		};
		B977DF202C58B3A200EC0186 /* AddPhrase */ = {
			isa = PBXGroup;
			children = (
			);
			path = AddPhrase;
			sourceTree = "<group>";
		};
		B977DF212C58B3A800EC0186 /* EditPhrase */ = {
			isa = PBXGroup;
			children = (
			);
			path = EditPhrase;
			sourceTree = "<group>";
		};
		B977DF222C58B3B000EC0186 /* DetailPhrase */ = {
			isa = PBXGroup;
			children = (
			);
			path = DetailPhrase;
			sourceTree = "<group>";
		};
		B9AE11732C5897270082C1DE = {
			isa = PBXGroup;
			children = (
				B9AE117E2C5897270082C1DE /* BOOKBBANG */,
				B9AE11942C5897280082C1DE /* BOOKBBANGTests */,
				B9AE119E2C5897280082C1DE /* BOOKBBANGUITests */,
				B9AE117D2C5897270082C1DE /* Products */,
			);
			sourceTree = "<group>";
		};
		B9AE117D2C5897270082C1DE /* Products */ = {
			isa = PBXGroup;
			children = (
				B9AE117C2C5897270082C1DE /* BOOKBBANG.app */,
				B9AE11912C5897280082C1DE /* BOOKBBANGTests.xctest */,
				B9AE119B2C5897280082C1DE /* BOOKBBANGUITests.xctest */,
			);
			name = Products;
			sourceTree = "<group>";
		};
		B9AE117E2C5897270082C1DE /* BOOKBBANG */ = {
			isa = PBXGroup;
			children = (
				B977DF122C58AB4400EC0186 /* App */,
				B977DF0D2C58AA6300EC0186 /* Views */,
				B977DF0B2C58AA5600EC0186 /* Resources */,
				B977DF0A2C58AA4E00EC0186 /* Models */,
				B9AE11832C5897280082C1DE /* Assets.xcassets */,
				B9AE11852C5897280082C1DE /* Preview Content */,
			);
			path = BOOKBBANG;
			sourceTree = "<group>";
		};
		B9AE11852C5897280082C1DE /* Preview Content */ = {
			isa = PBXGroup;
			children = (
				B9AE11862C5897280082C1DE /* Preview Assets.xcassets */,
			);
			path = "Preview Content";
			sourceTree = "<group>";
		};
		B9AE11942C5897280082C1DE /* BOOKBBANGTests */ = {
			isa = PBXGroup;
			children = (
				B9AE11952C5897280082C1DE /* BOOKBBANGTests.swift */,
			);
			path = BOOKBBANGTests;
			sourceTree = "<group>";
		};
		B9AE119E2C5897280082C1DE /* BOOKBBANGUITests */ = {
			isa = PBXGroup;
			children = (
				B9AE119F2C5897280082C1DE /* BOOKBBANGUITests.swift */,
				B9AE11A12C5897280082C1DE /* BOOKBBANGUITestsLaunchTests.swift */,
			);
			path = BOOKBBANGUITests;
			sourceTree = "<group>";
		};
/* End PBXGroup section */

/* Begin PBXNativeTarget section */
		B9AE117B2C5897270082C1DE /* BOOKBBANG */ = {
			isa = PBXNativeTarget;
			buildConfigurationList = B9AE11A52C5897280082C1DE /* Build configuration list for PBXNativeTarget "BOOKBBANG" */;
			buildPhases = (
				B9AE11782C5897270082C1DE /* Sources */,
				B9AE11792C5897270082C1DE /* Frameworks */,
				B9AE117A2C5897270082C1DE /* Resources */,
			);
			buildRules = (
			);
			dependencies = (
			);
			name = BOOKBBANG;
			productName = BOOKBBANG;
			productReference = B9AE117C2C5897270082C1DE /* BOOKBBANG.app */;
			productType = "com.apple.product-type.application";
		};
		B9AE11902C5897280082C1DE /* BOOKBBANGTests */ = {
			isa = PBXNativeTarget;
			buildConfigurationList = B9AE11A82C5897280082C1DE /* Build configuration list for PBXNativeTarget "BOOKBBANGTests" */;
			buildPhases = (
				B9AE118D2C5897280082C1DE /* Sources */,
				B9AE118E2C5897280082C1DE /* Frameworks */,
				B9AE118F2C5897280082C1DE /* Resources */,
			);
			buildRules = (
			);
			dependencies = (
				B9AE11932C5897280082C1DE /* PBXTargetDependency */,
			);
			name = BOOKBBANGTests;
			productName = BOOKBBANGTests;
			productReference = B9AE11912C5897280082C1DE /* BOOKBBANGTests.xctest */;
			productType = "com.apple.product-type.bundle.unit-test";
		};
		B9AE119A2C5897280082C1DE /* BOOKBBANGUITests */ = {
			isa = PBXNativeTarget;
			buildConfigurationList = B9AE11AB2C5897280082C1DE /* Build configuration list for PBXNativeTarget "BOOKBBANGUITests" */;
			buildPhases = (
				B9AE11972C5897280082C1DE /* Sources */,
				B9AE11982C5897280082C1DE /* Frameworks */,
				B9AE11992C5897280082C1DE /* Resources */,
			);
			buildRules = (
			);
			dependencies = (
				B9AE119D2C5897280082C1DE /* PBXTargetDependency */,
			);
			name = BOOKBBANGUITests;
			productName = BOOKBBANGUITests;
			productReference = B9AE119B2C5897280082C1DE /* BOOKBBANGUITests.xctest */;
			productType = "com.apple.product-type.bundle.ui-testing";
		};
/* End PBXNativeTarget section */

/* Begin PBXProject section */
		B9AE11742C5897270082C1DE /* Project object */ = {
			isa = PBXProject;
			attributes = {
				BuildIndependentTargetsInParallel = 1;
				LastSwiftUpdateCheck = 1540;
				LastUpgradeCheck = 1540;
				TargetAttributes = {
					B9AE117B2C5897270082C1DE = {
						CreatedOnToolsVersion = 15.4;
					};
					B9AE11902C5897280082C1DE = {
						CreatedOnToolsVersion = 15.4;
						TestTargetID = B9AE117B2C5897270082C1DE;
					};
					B9AE119A2C5897280082C1DE = {
						CreatedOnToolsVersion = 15.4;
						TestTargetID = B9AE117B2C5897270082C1DE;
					};
				};
			};
			buildConfigurationList = B9AE11772C5897270082C1DE /* Build configuration list for PBXProject "BOOKBBANG" */;
			compatibilityVersion = "Xcode 14.0";
			developmentRegion = en;
			hasScannedForEncodings = 0;
			knownRegions = (
				en,
				Base,
			);
			mainGroup = B9AE11732C5897270082C1DE;
			productRefGroup = B9AE117D2C5897270082C1DE /* Products */;
			projectDirPath = "";
			projectRoot = "";
			targets = (
				B9AE117B2C5897270082C1DE /* BOOKBBANG */,
				B9AE11902C5897280082C1DE /* BOOKBBANGTests */,
				B9AE119A2C5897280082C1DE /* BOOKBBANGUITests */,
			);
		};
/* End PBXProject section */

/* Begin PBXResourcesBuildPhase section */
		B9AE117A2C5897270082C1DE /* Resources */ = {
			isa = PBXResourcesBuildPhase;
			buildActionMask = 2147483647;
			files = (
				B9AE11872C5897280082C1DE /* Preview Assets.xcassets in Resources */,
				B9AE11842C5897280082C1DE /* Assets.xcassets in Resources */,
			);
			runOnlyForDeploymentPostprocessing = 0;
		};
		B9AE118F2C5897280082C1DE /* Resources */ = {
			isa = PBXResourcesBuildPhase;
			buildActionMask = 2147483647;
			files = (
			);
			runOnlyForDeploymentPostprocessing = 0;
		};
		B9AE11992C5897280082C1DE /* Resources */ = {
			isa = PBXResourcesBuildPhase;
			buildActionMask = 2147483647;
			files = (
			);
			runOnlyForDeploymentPostprocessing = 0;
		};
/* End PBXResourcesBuildPhase section */

/* Begin PBXSourcesBuildPhase section */
		B9AE11782C5897270082C1DE /* Sources */ = {
			isa = PBXSourcesBuildPhase;
			buildActionMask = 2147483647;
			files = (
				B9F6F39F2C58C9AD00E7DD4C /* ClipStyle.swift in Sources */,
				B9AE11892C5897280082C1DE /* Persistence.swift in Sources */,
				B9AE11802C5897270082C1DE /* BOOKBBANGApp.swift in Sources */,
				084E81F82C58B40E00323377 /* Onboarding.swift in Sources */,
				B9AE118C2C5897280082C1DE /* BOOKBBANG.xcdatamodeld in Sources */,
				D6584D592C58B39B00792DF7 /* HomeView.swift in Sources */,
				B977DF112C58AA8200EC0186 /* SearchBook.swift in Sources */,
				B9F6F39D2C58C84300E7DD4C /* BookGenre.swift in Sources */,
				B9F6F39B2C58C7D500E7DD4C /* ReadStatus.swift in Sources */,
			);
			runOnlyForDeploymentPostprocessing = 0;
		};
		B9AE118D2C5897280082C1DE /* Sources */ = {
			isa = PBXSourcesBuildPhase;
			buildActionMask = 2147483647;
			files = (
				B9AE11962C5897280082C1DE /* BOOKBBANGTests.swift in Sources */,
			);
			runOnlyForDeploymentPostprocessing = 0;
		};
		B9AE11972C5897280082C1DE /* Sources */ = {
			isa = PBXSourcesBuildPhase;
			buildActionMask = 2147483647;
			files = (
				B9AE11A22C5897280082C1DE /* BOOKBBANGUITestsLaunchTests.swift in Sources */,
				B9AE11A02C5897280082C1DE /* BOOKBBANGUITests.swift in Sources */,
			);
			runOnlyForDeploymentPostprocessing = 0;
		};
/* End PBXSourcesBuildPhase section */

/* Begin PBXTargetDependency section */
		B9AE11932C5897280082C1DE /* PBXTargetDependency */ = {
			isa = PBXTargetDependency;
			target = B9AE117B2C5897270082C1DE /* BOOKBBANG */;
			targetProxy = B9AE11922C5897280082C1DE /* PBXContainerItemProxy */;
		};
		B9AE119D2C5897280082C1DE /* PBXTargetDependency */ = {
			isa = PBXTargetDependency;
			target = B9AE117B2C5897270082C1DE /* BOOKBBANG */;
			targetProxy = B9AE119C2C5897280082C1DE /* PBXContainerItemProxy */;
		};
/* End PBXTargetDependency section */

/* Begin XCBuildConfiguration section */
		B9AE11A32C5897280082C1DE /* Debug */ = {
			isa = XCBuildConfiguration;
			buildSettings = {
				ALWAYS_SEARCH_USER_PATHS = NO;
				ASSETCATALOG_COMPILER_GENERATE_SWIFT_ASSET_SYMBOL_EXTENSIONS = YES;
				CLANG_ANALYZER_NONNULL = YES;
				CLANG_ANALYZER_NUMBER_OBJECT_CONVERSION = YES_AGGRESSIVE;
				CLANG_CXX_LANGUAGE_STANDARD = "gnu++20";
				CLANG_ENABLE_MODULES = YES;
				CLANG_ENABLE_OBJC_ARC = YES;
				CLANG_ENABLE_OBJC_WEAK = YES;
				CLANG_WARN_BLOCK_CAPTURE_AUTORELEASING = YES;
				CLANG_WARN_BOOL_CONVERSION = YES;
				CLANG_WARN_COMMA = YES;
				CLANG_WARN_CONSTANT_CONVERSION = YES;
				CLANG_WARN_DEPRECATED_OBJC_IMPLEMENTATIONS = YES;
				CLANG_WARN_DIRECT_OBJC_ISA_USAGE = YES_ERROR;
				CLANG_WARN_DOCUMENTATION_COMMENTS = YES;
				CLANG_WARN_EMPTY_BODY = YES;
				CLANG_WARN_ENUM_CONVERSION = YES;
				CLANG_WARN_INFINITE_RECURSION = YES;
				CLANG_WARN_INT_CONVERSION = YES;
				CLANG_WARN_NON_LITERAL_NULL_CONVERSION = YES;
				CLANG_WARN_OBJC_IMPLICIT_RETAIN_SELF = YES;
				CLANG_WARN_OBJC_LITERAL_CONVERSION = YES;
				CLANG_WARN_OBJC_ROOT_CLASS = YES_ERROR;
				CLANG_WARN_QUOTED_INCLUDE_IN_FRAMEWORK_HEADER = YES;
				CLANG_WARN_RANGE_LOOP_ANALYSIS = YES;
				CLANG_WARN_STRICT_PROTOTYPES = YES;
				CLANG_WARN_SUSPICIOUS_MOVE = YES;
				CLANG_WARN_UNGUARDED_AVAILABILITY = YES_AGGRESSIVE;
				CLANG_WARN_UNREACHABLE_CODE = YES;
				CLANG_WARN__DUPLICATE_METHOD_MATCH = YES;
				COPY_PHASE_STRIP = NO;
				DEBUG_INFORMATION_FORMAT = dwarf;
				ENABLE_STRICT_OBJC_MSGSEND = YES;
				ENABLE_TESTABILITY = YES;
				ENABLE_USER_SCRIPT_SANDBOXING = YES;
				GCC_C_LANGUAGE_STANDARD = gnu17;
				GCC_DYNAMIC_NO_PIC = NO;
				GCC_NO_COMMON_BLOCKS = YES;
				GCC_OPTIMIZATION_LEVEL = 0;
				GCC_PREPROCESSOR_DEFINITIONS = (
					"DEBUG=1",
					"$(inherited)",
				);
				GCC_WARN_64_TO_32_BIT_CONVERSION = YES;
				GCC_WARN_ABOUT_RETURN_TYPE = YES_ERROR;
				GCC_WARN_UNDECLARED_SELECTOR = YES;
				GCC_WARN_UNINITIALIZED_AUTOS = YES_AGGRESSIVE;
				GCC_WARN_UNUSED_FUNCTION = YES;
				GCC_WARN_UNUSED_VARIABLE = YES;
				IPHONEOS_DEPLOYMENT_TARGET = 16.0;
				LOCALIZATION_PREFERS_STRING_CATALOGS = YES;
				MTL_ENABLE_DEBUG_INFO = INCLUDE_SOURCE;
				MTL_FAST_MATH = YES;
				ONLY_ACTIVE_ARCH = YES;
				SDKROOT = iphoneos;
				SWIFT_ACTIVE_COMPILATION_CONDITIONS = "DEBUG $(inherited)";
				SWIFT_OPTIMIZATION_LEVEL = "-Onone";
			};
			name = Debug;
		};
		B9AE11A42C5897280082C1DE /* Release */ = {
			isa = XCBuildConfiguration;
			buildSettings = {
				ALWAYS_SEARCH_USER_PATHS = NO;
				ASSETCATALOG_COMPILER_GENERATE_SWIFT_ASSET_SYMBOL_EXTENSIONS = YES;
				CLANG_ANALYZER_NONNULL = YES;
				CLANG_ANALYZER_NUMBER_OBJECT_CONVERSION = YES_AGGRESSIVE;
				CLANG_CXX_LANGUAGE_STANDARD = "gnu++20";
				CLANG_ENABLE_MODULES = YES;
				CLANG_ENABLE_OBJC_ARC = YES;
				CLANG_ENABLE_OBJC_WEAK = YES;
				CLANG_WARN_BLOCK_CAPTURE_AUTORELEASING = YES;
				CLANG_WARN_BOOL_CONVERSION = YES;
				CLANG_WARN_COMMA = YES;
				CLANG_WARN_CONSTANT_CONVERSION = YES;
				CLANG_WARN_DEPRECATED_OBJC_IMPLEMENTATIONS = YES;
				CLANG_WARN_DIRECT_OBJC_ISA_USAGE = YES_ERROR;
				CLANG_WARN_DOCUMENTATION_COMMENTS = YES;
				CLANG_WARN_EMPTY_BODY = YES;
				CLANG_WARN_ENUM_CONVERSION = YES;
				CLANG_WARN_INFINITE_RECURSION = YES;
				CLANG_WARN_INT_CONVERSION = YES;
				CLANG_WARN_NON_LITERAL_NULL_CONVERSION = YES;
				CLANG_WARN_OBJC_IMPLICIT_RETAIN_SELF = YES;
				CLANG_WARN_OBJC_LITERAL_CONVERSION = YES;
				CLANG_WARN_OBJC_ROOT_CLASS = YES_ERROR;
				CLANG_WARN_QUOTED_INCLUDE_IN_FRAMEWORK_HEADER = YES;
				CLANG_WARN_RANGE_LOOP_ANALYSIS = YES;
				CLANG_WARN_STRICT_PROTOTYPES = YES;
				CLANG_WARN_SUSPICIOUS_MOVE = YES;
				CLANG_WARN_UNGUARDED_AVAILABILITY = YES_AGGRESSIVE;
				CLANG_WARN_UNREACHABLE_CODE = YES;
				CLANG_WARN__DUPLICATE_METHOD_MATCH = YES;
				COPY_PHASE_STRIP = NO;
				DEBUG_INFORMATION_FORMAT = "dwarf-with-dsym";
				ENABLE_NS_ASSERTIONS = NO;
				ENABLE_STRICT_OBJC_MSGSEND = YES;
				ENABLE_USER_SCRIPT_SANDBOXING = YES;
				GCC_C_LANGUAGE_STANDARD = gnu17;
				GCC_NO_COMMON_BLOCKS = YES;
				GCC_WARN_64_TO_32_BIT_CONVERSION = YES;
				GCC_WARN_ABOUT_RETURN_TYPE = YES_ERROR;
				GCC_WARN_UNDECLARED_SELECTOR = YES;
				GCC_WARN_UNINITIALIZED_AUTOS = YES_AGGRESSIVE;
				GCC_WARN_UNUSED_FUNCTION = YES;
				GCC_WARN_UNUSED_VARIABLE = YES;
				IPHONEOS_DEPLOYMENT_TARGET = 16.0;
				LOCALIZATION_PREFERS_STRING_CATALOGS = YES;
				MTL_ENABLE_DEBUG_INFO = NO;
				MTL_FAST_MATH = YES;
				SDKROOT = iphoneos;
				SWIFT_COMPILATION_MODE = wholemodule;
				VALIDATE_PRODUCT = YES;
			};
			name = Release;
		};
		B9AE11A62C5897280082C1DE /* Debug */ = {
			isa = XCBuildConfiguration;
			buildSettings = {
				ASSETCATALOG_COMPILER_APPICON_NAME = AppIcon;
				ASSETCATALOG_COMPILER_GLOBAL_ACCENT_COLOR_NAME = AccentColor;
				CODE_SIGN_STYLE = Automatic;
				CURRENT_PROJECT_VERSION = 1;
				DEVELOPMENT_ASSET_PATHS = "\"BOOKBBANG/Preview Content\"";
				DEVELOPMENT_TEAM = 9SVDHQS4M3;
				ENABLE_PREVIEWS = YES;
				GENERATE_INFOPLIST_FILE = YES;
				INFOPLIST_KEY_UIApplicationSceneManifest_Generation = YES;
				INFOPLIST_KEY_UIApplicationSupportsIndirectInputEvents = YES;
				INFOPLIST_KEY_UILaunchScreen_Generation = YES;
				INFOPLIST_KEY_UISupportedInterfaceOrientations_iPad = "UIInterfaceOrientationPortrait UIInterfaceOrientationPortraitUpsideDown UIInterfaceOrientationLandscapeLeft UIInterfaceOrientationLandscapeRight";
				INFOPLIST_KEY_UISupportedInterfaceOrientations_iPhone = "UIInterfaceOrientationPortrait UIInterfaceOrientationLandscapeLeft UIInterfaceOrientationLandscapeRight";
				IPHONEOS_DEPLOYMENT_TARGET = 16.0;
				LD_RUNPATH_SEARCH_PATHS = (
					"$(inherited)",
					"@executable_path/Frameworks",
				);
				MARKETING_VERSION = 1.0;
				PRODUCT_BUNDLE_IDENTIFIER = com.seoyeonchoi.BOOKBBANG;
				PRODUCT_NAME = "$(TARGET_NAME)";
				SWIFT_EMIT_LOC_STRINGS = YES;
				SWIFT_VERSION = 5.0;
				TARGETED_DEVICE_FAMILY = "1,2";
			};
			name = Debug;
		};
		B9AE11A72C5897280082C1DE /* Release */ = {
			isa = XCBuildConfiguration;
			buildSettings = {
				ASSETCATALOG_COMPILER_APPICON_NAME = AppIcon;
				ASSETCATALOG_COMPILER_GLOBAL_ACCENT_COLOR_NAME = AccentColor;
				CODE_SIGN_STYLE = Automatic;
				CURRENT_PROJECT_VERSION = 1;
				DEVELOPMENT_ASSET_PATHS = "\"BOOKBBANG/Preview Content\"";
				DEVELOPMENT_TEAM = 9SVDHQS4M3;
				ENABLE_PREVIEWS = YES;
				GENERATE_INFOPLIST_FILE = YES;
				INFOPLIST_KEY_UIApplicationSceneManifest_Generation = YES;
				INFOPLIST_KEY_UIApplicationSupportsIndirectInputEvents = YES;
				INFOPLIST_KEY_UILaunchScreen_Generation = YES;
				INFOPLIST_KEY_UISupportedInterfaceOrientations_iPad = "UIInterfaceOrientationPortrait UIInterfaceOrientationPortraitUpsideDown UIInterfaceOrientationLandscapeLeft UIInterfaceOrientationLandscapeRight";
				INFOPLIST_KEY_UISupportedInterfaceOrientations_iPhone = "UIInterfaceOrientationPortrait UIInterfaceOrientationLandscapeLeft UIInterfaceOrientationLandscapeRight";
				IPHONEOS_DEPLOYMENT_TARGET = 16.0;
				LD_RUNPATH_SEARCH_PATHS = (
					"$(inherited)",
					"@executable_path/Frameworks",
				);
				MARKETING_VERSION = 1.0;
				PRODUCT_BUNDLE_IDENTIFIER = com.seoyeonchoi.BOOKBBANG;
				PRODUCT_NAME = "$(TARGET_NAME)";
				SWIFT_EMIT_LOC_STRINGS = YES;
				SWIFT_VERSION = 5.0;
				TARGETED_DEVICE_FAMILY = "1,2";
			};
			name = Release;
		};
		B9AE11A92C5897280082C1DE /* Debug */ = {
			isa = XCBuildConfiguration;
			buildSettings = {
				ALWAYS_EMBED_SWIFT_STANDARD_LIBRARIES = YES;
				BUNDLE_LOADER = "$(TEST_HOST)";
				CODE_SIGN_STYLE = Automatic;
				CURRENT_PROJECT_VERSION = 1;
				DEVELOPMENT_TEAM = 9SVDHQS4M3;
				GENERATE_INFOPLIST_FILE = YES;
				IPHONEOS_DEPLOYMENT_TARGET = 17.5;
				MARKETING_VERSION = 1.0;
				PRODUCT_BUNDLE_IDENTIFIER = com.seoyeonchoi.BOOKBBANGTests;
				PRODUCT_NAME = "$(TARGET_NAME)";
				SWIFT_EMIT_LOC_STRINGS = NO;
				SWIFT_VERSION = 5.0;
				TARGETED_DEVICE_FAMILY = "1,2";
				TEST_HOST = "$(BUILT_PRODUCTS_DIR)/BOOKBBANG.app/$(BUNDLE_EXECUTABLE_FOLDER_PATH)/BOOKBBANG";
			};
			name = Debug;
		};
		B9AE11AA2C5897280082C1DE /* Release */ = {
			isa = XCBuildConfiguration;
			buildSettings = {
				ALWAYS_EMBED_SWIFT_STANDARD_LIBRARIES = YES;
				BUNDLE_LOADER = "$(TEST_HOST)";
				CODE_SIGN_STYLE = Automatic;
				CURRENT_PROJECT_VERSION = 1;
				DEVELOPMENT_TEAM = 9SVDHQS4M3;
				GENERATE_INFOPLIST_FILE = YES;
				IPHONEOS_DEPLOYMENT_TARGET = 17.5;
				MARKETING_VERSION = 1.0;
				PRODUCT_BUNDLE_IDENTIFIER = com.seoyeonchoi.BOOKBBANGTests;
				PRODUCT_NAME = "$(TARGET_NAME)";
				SWIFT_EMIT_LOC_STRINGS = NO;
				SWIFT_VERSION = 5.0;
				TARGETED_DEVICE_FAMILY = "1,2";
				TEST_HOST = "$(BUILT_PRODUCTS_DIR)/BOOKBBANG.app/$(BUNDLE_EXECUTABLE_FOLDER_PATH)/BOOKBBANG";
			};
			name = Release;
		};
		B9AE11AC2C5897280082C1DE /* Debug */ = {
			isa = XCBuildConfiguration;
			buildSettings = {
				ALWAYS_EMBED_SWIFT_STANDARD_LIBRARIES = YES;
				CODE_SIGN_STYLE = Automatic;
				CURRENT_PROJECT_VERSION = 1;
				DEVELOPMENT_TEAM = 9SVDHQS4M3;
				GENERATE_INFOPLIST_FILE = YES;
				MARKETING_VERSION = 1.0;
				PRODUCT_BUNDLE_IDENTIFIER = com.seoyeonchoi.BOOKBBANGUITests;
				PRODUCT_NAME = "$(TARGET_NAME)";
				SWIFT_EMIT_LOC_STRINGS = NO;
				SWIFT_VERSION = 5.0;
				TARGETED_DEVICE_FAMILY = "1,2";
				TEST_TARGET_NAME = BOOKBBANG;
			};
			name = Debug;
		};
		B9AE11AD2C5897280082C1DE /* Release */ = {
			isa = XCBuildConfiguration;
			buildSettings = {
				ALWAYS_EMBED_SWIFT_STANDARD_LIBRARIES = YES;
				CODE_SIGN_STYLE = Automatic;
				CURRENT_PROJECT_VERSION = 1;
				DEVELOPMENT_TEAM = 9SVDHQS4M3;
				GENERATE_INFOPLIST_FILE = YES;
				MARKETING_VERSION = 1.0;
				PRODUCT_BUNDLE_IDENTIFIER = com.seoyeonchoi.BOOKBBANGUITests;
				PRODUCT_NAME = "$(TARGET_NAME)";
				SWIFT_EMIT_LOC_STRINGS = NO;
				SWIFT_VERSION = 5.0;
				TARGETED_DEVICE_FAMILY = "1,2";
				TEST_TARGET_NAME = BOOKBBANG;
			};
			name = Release;
		};
/* End XCBuildConfiguration section */

/* Begin XCConfigurationList section */
		B9AE11772C5897270082C1DE /* Build configuration list for PBXProject "BOOKBBANG" */ = {
			isa = XCConfigurationList;
			buildConfigurations = (
				B9AE11A32C5897280082C1DE /* Debug */,
				B9AE11A42C5897280082C1DE /* Release */,
			);
			defaultConfigurationIsVisible = 0;
			defaultConfigurationName = Release;
		};
		B9AE11A52C5897280082C1DE /* Build configuration list for PBXNativeTarget "BOOKBBANG" */ = {
			isa = XCConfigurationList;
			buildConfigurations = (
				B9AE11A62C5897280082C1DE /* Debug */,
				B9AE11A72C5897280082C1DE /* Release */,
			);
			defaultConfigurationIsVisible = 0;
			defaultConfigurationName = Release;
		};
		B9AE11A82C5897280082C1DE /* Build configuration list for PBXNativeTarget "BOOKBBANGTests" */ = {
			isa = XCConfigurationList;
			buildConfigurations = (
				B9AE11A92C5897280082C1DE /* Debug */,
				B9AE11AA2C5897280082C1DE /* Release */,
			);
			defaultConfigurationIsVisible = 0;
			defaultConfigurationName = Release;
		};
		B9AE11AB2C5897280082C1DE /* Build configuration list for PBXNativeTarget "BOOKBBANGUITests" */ = {
			isa = XCConfigurationList;
			buildConfigurations = (
				B9AE11AC2C5897280082C1DE /* Debug */,
				B9AE11AD2C5897280082C1DE /* Release */,
			);
			defaultConfigurationIsVisible = 0;
			defaultConfigurationName = Release;
		};
/* End XCConfigurationList section */

/* Begin XCVersionGroup section */
		B9AE118A2C5897280082C1DE /* BOOKBBANG.xcdatamodeld */ = {
			isa = XCVersionGroup;
			children = (
				B9AE118B2C5897280082C1DE /* BOOKBBANG.xcdatamodel */,
			);
			currentVersion = B9AE118B2C5897280082C1DE /* BOOKBBANG.xcdatamodel */;
			path = BOOKBBANG.xcdatamodeld;
			sourceTree = "<group>";
			versionGroupType = wrapper.xcdatamodel;
		};
/* End XCVersionGroup section */
	};
	rootObject = B9AE11742C5897270082C1DE /* Project object */;
}
